// !$*UTF8*$!
{
	archiveVersion = 1;
	classes = {
	};
	objectVersion = 46;
	objects = {

/* Begin PBXBuildFile section */
		C6B602D7176AD8EA00611264 /* UIKit.framework in Frameworks */ = {isa = PBXBuildFile; fileRef = C6B602D6176AD8EA00611264 /* UIKit.framework */; };
		C6B602D9176AD8EA00611264 /* Foundation.framework in Frameworks */ = {isa = PBXBuildFile; fileRef = C6B602D8176AD8EA00611264 /* Foundation.framework */; };
		C6B602DB176AD8EA00611264 /* CoreGraphics.framework in Frameworks */ = {isa = PBXBuildFile; fileRef = C6B602DA176AD8EA00611264 /* CoreGraphics.framework */; };
		C6B602E1176AD8EA00611264 /* InfoPlist.strings in Resources */ = {isa = PBXBuildFile; fileRef = C6B602DF176AD8EA00611264 /* InfoPlist.strings */; };
		C6B602E3176AD8EA00611264 /* main.m in Sources */ = {isa = PBXBuildFile; fileRef = C6B602E2176AD8EA00611264 /* main.m */; };
		C6B602E7176AD8EA00611264 /* AppDelegate.m in Sources */ = {isa = PBXBuildFile; fileRef = C6B602E6176AD8EA00611264 /* AppDelegate.m */; };
		C6B602E9176AD8EA00611264 /* Default.png in Resources */ = {isa = PBXBuildFile; fileRef = C6B602E8176AD8EA00611264 /* Default.png */; };
		C6B602EB176AD8EA00611264 /* Default@2x.png in Resources */ = {isa = PBXBuildFile; fileRef = C6B602EA176AD8EA00611264 /* Default@2x.png */; };
		C6B602ED176AD8EA00611264 /* Default-568h@2x.png in Resources */ = {isa = PBXBuildFile; fileRef = C6B602EC176AD8EA00611264 /* Default-568h@2x.png */; };
		C6B602F0176AD8EA00611264 /* ViewController.m in Sources */ = {isa = PBXBuildFile; fileRef = C6B602EF176AD8EA00611264 /* ViewController.m */; };
		C6B602F3176AD8EA00611264 /* ViewController_iPhone.xib in Resources */ = {isa = PBXBuildFile; fileRef = C6B602F1176AD8EA00611264 /* ViewController_iPhone.xib */; };
		C6B602F6176AD8EA00611264 /* ViewController_iPad.xib in Resources */ = {isa = PBXBuildFile; fileRef = C6B602F4176AD8EA00611264 /* ViewController_iPad.xib */; };
		C6B602FE176AD8EA00611264 /* SenTestingKit.framework in Frameworks */ = {isa = PBXBuildFile; fileRef = C6B602FD176AD8EA00611264 /* SenTestingKit.framework */; };
		C6B602FF176AD8EA00611264 /* UIKit.framework in Frameworks */ = {isa = PBXBuildFile; fileRef = C6B602D6176AD8EA00611264 /* UIKit.framework */; };
		C6B60300176AD8EA00611264 /* Foundation.framework in Frameworks */ = {isa = PBXBuildFile; fileRef = C6B602D8176AD8EA00611264 /* Foundation.framework */; };
		C6B60308176AD8EA00611264 /* InfoPlist.strings in Resources */ = {isa = PBXBuildFile; fileRef = C6B60306176AD8EA00611264 /* InfoPlist.strings */; };
		C6B6030B176AD8EA00611264 /* SVGTestTests.m in Sources */ = {isa = PBXBuildFile; fileRef = C6B6030A176AD8EA00611264 /* SVGTestTests.m */; };
		C6B60431176AD92B00611264 /* CoreText.framework in Frameworks */ = {isa = PBXBuildFile; fileRef = C6B60430176AD92B00611264 /* CoreText.framework */; };
		C6B60433176AD93300611264 /* libxml2.dylib in Frameworks */ = {isa = PBXBuildFile; fileRef = C6B60432176AD93300611264 /* libxml2.dylib */; };
		C6B60435176AD9FC00611264 /* QuartzCore.framework in Frameworks */ = {isa = PBXBuildFile; fileRef = C6B60434176AD9FC00611264 /* QuartzCore.framework */; };
		C6B6044B176AE18C00611264 /* SVGs in Resources */ = {isa = PBXBuildFile; fileRef = C6B6044A176AE18C00611264 /* SVGs */; };
		C6B60516176AE43E00611264 /* AppleSucksDOMImplementation.m in Sources */ = {isa = PBXBuildFile; fileRef = C6B60450176AE43E00611264 /* AppleSucksDOMImplementation.m */; };
		C6B60517176AE43E00611264 /* Attr.m in Sources */ = {isa = PBXBuildFile; fileRef = C6B60452176AE43E00611264 /* Attr.m */; };
		C6B60518176AE43E00611264 /* CDATASection.m in Sources */ = {isa = PBXBuildFile; fileRef = C6B60454176AE43E00611264 /* CDATASection.m */; };
		C6B60519176AE43E00611264 /* CharacterData.m in Sources */ = {isa = PBXBuildFile; fileRef = C6B60456176AE43E00611264 /* CharacterData.m */; };
		C6B6051A176AE43E00611264 /* Comment.m in Sources */ = {isa = PBXBuildFile; fileRef = C6B60458176AE43E00611264 /* Comment.m */; };
		C6B6051B176AE43E00611264 /* CSSPrimitiveValue.m in Sources */ = {isa = PBXBuildFile; fileRef = C6B6045A176AE43E00611264 /* CSSPrimitiveValue.m */; };
		C6B6051C176AE43E00611264 /* CSSRule.m in Sources */ = {isa = PBXBuildFile; fileRef = C6B6045D176AE43E00611264 /* CSSRule.m */; };
		C6B6051D176AE43E00611264 /* CSSRuleList.m in Sources */ = {isa = PBXBuildFile; fileRef = C6B60460176AE43E00611264 /* CSSRuleList.m */; };
		C6B6051E176AE43E00611264 /* CSSStyleDeclaration.m in Sources */ = {isa = PBXBuildFile; fileRef = C6B60462176AE43E00611264 /* CSSStyleDeclaration.m */; };
		C6B6051F176AE43E00611264 /* CSSStyleRule.m in Sources */ = {isa = PBXBuildFile; fileRef = C6B60464176AE43E00611264 /* CSSStyleRule.m */; };
		C6B60520176AE43E00611264 /* CSSStyleSheet.m in Sources */ = {isa = PBXBuildFile; fileRef = C6B60466176AE43E00611264 /* CSSStyleSheet.m */; };
		C6B60521176AE43E00611264 /* CSSValue.m in Sources */ = {isa = PBXBuildFile; fileRef = C6B60468176AE43E00611264 /* CSSValue.m */; };
		C6B60522176AE43E00611264 /* CSSValueList.m in Sources */ = {isa = PBXBuildFile; fileRef = C6B6046B176AE43E00611264 /* CSSValueList.m */; };
		C6B60523176AE43E00611264 /* Document.m in Sources */ = {isa = PBXBuildFile; fileRef = C6B6046E176AE43E00611264 /* Document.m */; };
		C6B60524176AE43E00611264 /* DocumentFragment.m in Sources */ = {isa = PBXBuildFile; fileRef = C6B60471176AE43E00611264 /* DocumentFragment.m */; };
		C6B60525176AE43E00611264 /* DocumentType.m in Sources */ = {isa = PBXBuildFile; fileRef = C6B60474176AE43E00611264 /* DocumentType.m */; };
		C6B60526176AE43E00611264 /* DOMHelperUtilities.m in Sources */ = {isa = PBXBuildFile; fileRef = C6B60477176AE43E00611264 /* DOMHelperUtilities.m */; };
		C6B60527176AE43E00611264 /* Element.m in Sources */ = {isa = PBXBuildFile; fileRef = C6B60479176AE43E00611264 /* Element.m */; };
		C6B60528176AE43E00611264 /* EntityReference.m in Sources */ = {isa = PBXBuildFile; fileRef = C6B6047B176AE43E00611264 /* EntityReference.m */; };
		C6B60529176AE43E00611264 /* MediaList.m in Sources */ = {isa = PBXBuildFile; fileRef = C6B6047D176AE43E00611264 /* MediaList.m */; };
		C6B6052A176AE43E00611264 /* NamedNodeMap.m in Sources */ = {isa = PBXBuildFile; fileRef = C6B6047F176AE43E00611264 /* NamedNodeMap.m */; };
		C6B6052B176AE43E00611264 /* Node.m in Sources */ = {isa = PBXBuildFile; fileRef = C6B60482176AE43E00611264 /* Node.m */; };
		C6B6052C176AE43E00611264 /* NodeList.m in Sources */ = {isa = PBXBuildFile; fileRef = C6B60485176AE43E00611264 /* NodeList.m */; };
		C6B6052D176AE43E00611264 /* ProcessingInstruction.m in Sources */ = {isa = PBXBuildFile; fileRef = C6B60487176AE43E00611264 /* ProcessingInstruction.m */; };
		C6B6052E176AE43E00611264 /* StyleSheet.m in Sources */ = {isa = PBXBuildFile; fileRef = C6B60489176AE43E00611264 /* StyleSheet.m */; };
		C6B6052F176AE43E00611264 /* StyleSheetList.m in Sources */ = {isa = PBXBuildFile; fileRef = C6B6048C176AE43E00611264 /* StyleSheetList.m */; };
		C6B60530176AE43E00611264 /* Text.m in Sources */ = {isa = PBXBuildFile; fileRef = C6B6048E176AE43E00611264 /* Text.m */; };
		C6B60531176AE43E00611264 /* SVGAngle.m in Sources */ = {isa = PBXBuildFile; fileRef = C6B60491176AE43E00611264 /* SVGAngle.m */; };
		C6B60532176AE43E00611264 /* SVGDefsElement.m in Sources */ = {isa = PBXBuildFile; fileRef = C6B60493176AE43E00611264 /* SVGDefsElement.m */; };
		C6B60533176AE43E00611264 /* SVGDocument.m in Sources */ = {isa = PBXBuildFile; fileRef = C6B60495176AE43E00611264 /* SVGDocument.m */; };
		C6B60534176AE43E00611264 /* SVGElementInstance.m in Sources */ = {isa = PBXBuildFile; fileRef = C6B60498176AE43E00611264 /* SVGElementInstance.m */; };
		C6B60535176AE43E00611264 /* SVGElementInstanceList.m in Sources */ = {isa = PBXBuildFile; fileRef = C6B6049B176AE43E00611264 /* SVGElementInstanceList.m */; };
		C6B60536176AE43E00611264 /* SVGGElement.m in Sources */ = {isa = PBXBuildFile; fileRef = C6B6049F176AE43E00611264 /* SVGGElement.m */; };
		C6B60537176AE43E00611264 /* SVGHelperUtilities.m in Sources */ = {isa = PBXBuildFile; fileRef = C6B604A1176AE43E00611264 /* SVGHelperUtilities.m */; };
		C6B60538176AE43E00611264 /* SVGLength.m in Sources */ = {isa = PBXBuildFile; fileRef = C6B604A3176AE43E00611264 /* SVGLength.m */; };
		C6B60539176AE43E00611264 /* SVGMatrix.m in Sources */ = {isa = PBXBuildFile; fileRef = C6B604A5176AE43E00611264 /* SVGMatrix.m */; };
		C6B6053A176AE43E00611264 /* SVGPoint.m in Sources */ = {isa = PBXBuildFile; fileRef = C6B604A8176AE43E00611264 /* SVGPoint.m */; };
		C6B6053B176AE43E00611264 /* SVGRect.m in Sources */ = {isa = PBXBuildFile; fileRef = C6B604AA176AE43E00611264 /* SVGRect.m */; };
		C6B6053C176AE43E00611264 /* SVGTextContentElement.m in Sources */ = {isa = PBXBuildFile; fileRef = C6B604AE176AE43E00611264 /* SVGTextContentElement.m */; };
		C6B6053D176AE43E00611264 /* SVGTextPositioningElement.m in Sources */ = {isa = PBXBuildFile; fileRef = C6B604B0176AE43E00611264 /* SVGTextPositioningElement.m */; };
		C6B6053E176AE43E00611264 /* SVGTransform.m in Sources */ = {isa = PBXBuildFile; fileRef = C6B604B3176AE43E00611264 /* SVGTransform.m */; };
		C6B6053F176AE43E00611264 /* SVGUseElement.m in Sources */ = {isa = PBXBuildFile; fileRef = C6B604B6176AE43E00611264 /* SVGUseElement.m */; };
		C6B60540176AE43E00611264 /* BaseClassForAllSVGBasicShapes.m in Sources */ = {isa = PBXBuildFile; fileRef = C6B604BB176AE43E00611264 /* BaseClassForAllSVGBasicShapes.m */; };
		C6B60541176AE43E00611264 /* SVGCircleElement.m in Sources */ = {isa = PBXBuildFile; fileRef = C6B604BE176AE43E00611264 /* SVGCircleElement.m */; };
		C6B60542176AE43E00611264 /* SVGDescriptionElement.m in Sources */ = {isa = PBXBuildFile; fileRef = C6B604C0176AE43E00611264 /* SVGDescriptionElement.m */; };
		C6B60543176AE43E00611264 /* SVGElement.m in Sources */ = {isa = PBXBuildFile; fileRef = C6B604C2176AE43E00611264 /* SVGElement.m */; };
		C6B60544176AE43E00611264 /* SVGEllipseElement.m in Sources */ = {isa = PBXBuildFile; fileRef = C6B604C5176AE43E00611264 /* SVGEllipseElement.m */; };
		C6B60545176AE43E00611264 /* SVGGradientElement.m in Sources */ = {isa = PBXBuildFile; fileRef = C6B604C7176AE43E00611264 /* SVGGradientElement.m */; };
		C6B60546176AE43E00611264 /* SVGGradientStop.m in Sources */ = {isa = PBXBuildFile; fileRef = C6B604C9176AE43E00611264 /* SVGGradientStop.m */; };
		C6B60547176AE43E00611264 /* SVGGroupElement.m in Sources */ = {isa = PBXBuildFile; fileRef = C6B604CB176AE43E00611264 /* SVGGroupElement.m */; };
		C6B60548176AE43E00611264 /* SVGImageElement.m in Sources */ = {isa = PBXBuildFile; fileRef = C6B604CD176AE43E00611264 /* SVGImageElement.m */; };
		C6B60549176AE43E00611264 /* SVGLineElement.m in Sources */ = {isa = PBXBuildFile; fileRef = C6B604D0176AE43E00611264 /* SVGLineElement.m */; };
		C6B6054A176AE43E00611264 /* SVGPathElement.m in Sources */ = {isa = PBXBuildFile; fileRef = C6B604D2176AE43E00611264 /* SVGPathElement.m */; };
		C6B6054B176AE43E00611264 /* SVGPolygonElement.m in Sources */ = {isa = PBXBuildFile; fileRef = C6B604D4176AE43E00611264 /* SVGPolygonElement.m */; };
		C6B6054C176AE43E00611264 /* SVGPolylineElement.m in Sources */ = {isa = PBXBuildFile; fileRef = C6B604D6176AE43E00611264 /* SVGPolylineElement.m */; };
		C6B6054D176AE43E00611264 /* SVGRectElement.m in Sources */ = {isa = PBXBuildFile; fileRef = C6B604D8176AE43E00611264 /* SVGRectElement.m */; };
		C6B6054E176AE43E00611264 /* SVGStyleElement.m in Sources */ = {isa = PBXBuildFile; fileRef = C6B604DB176AE43E00611264 /* SVGStyleElement.m */; };
		C6B6054F176AE43E00611264 /* SVGSVGElement.m in Sources */ = {isa = PBXBuildFile; fileRef = C6B604DD176AE43E00611264 /* SVGSVGElement.m */; };
		C6B60550176AE43E00611264 /* SVGTextElement.m in Sources */ = {isa = PBXBuildFile; fileRef = C6B604DF176AE43E00611264 /* SVGTextElement.m */; };
		C6B60551176AE43E00611264 /* SVGTitleElement.m in Sources */ = {isa = PBXBuildFile; fileRef = C6B604E1176AE43E00611264 /* SVGTitleElement.m */; };
		C6B60552176AE43E00611264 /* CALayerExporter.m in Sources */ = {isa = PBXBuildFile; fileRef = C6B604E4176AE43E00611264 /* CALayerExporter.m */; };
		C6B60553176AE43E00611264 /* SVGKParserDefsAndUse.m in Sources */ = {isa = PBXBuildFile; fileRef = C6B604E8176AE43E00611264 /* SVGKParserDefsAndUse.m */; };
		C6B60554176AE43E00611264 /* SVGKParserDOM.m in Sources */ = {isa = PBXBuildFile; fileRef = C6B604EA176AE43E00611264 /* SVGKParserDOM.m */; };
		C6B60555176AE43E00611264 /* SVGKParserGradient.m in Sources */ = {isa = PBXBuildFile; fileRef = C6B604EC176AE43E00611264 /* SVGKParserGradient.m */; };
		C6B60556176AE43E00611264 /* SVGKParserPatternsAndGradients.m in Sources */ = {isa = PBXBuildFile; fileRef = C6B604EE176AE43E00611264 /* SVGKParserPatternsAndGradients.m */; };
		C6B60557176AE43E00611264 /* SVGKParserStyles.m in Sources */ = {isa = PBXBuildFile; fileRef = C6B604F0176AE43E00611264 /* SVGKParserStyles.m */; };
		C6B60558176AE43E00611264 /* SVGKParserSVG.m in Sources */ = {isa = PBXBuildFile; fileRef = C6B604F2176AE43E00611264 /* SVGKParserSVG.m */; };
		C6B60559176AE43E00611264 /* SVGKParser.m in Sources */ = {isa = PBXBuildFile; fileRef = C6B604F4176AE43E00611264 /* SVGKParser.m */; };
		C6B6055A176AE43E00611264 /* SVGKParseResult.m in Sources */ = {isa = PBXBuildFile; fileRef = C6B604F6176AE43E00611264 /* SVGKParseResult.m */; };
		C6B6055B176AE43E00611264 /* SVGKPointsAndPathsParser.m in Sources */ = {isa = PBXBuildFile; fileRef = C6B604F9176AE43E00611264 /* SVGKPointsAndPathsParser.m */; };
		C6B6055C176AE43E00611264 /* CALayerWithChildHitTest.m in Sources */ = {isa = PBXBuildFile; fileRef = C6B604FC176AE43E00611264 /* CALayerWithChildHitTest.m */; };
		C6B6055D176AE43E00611264 /* CAShapeLayerWithHitTest.m in Sources */ = {isa = PBXBuildFile; fileRef = C6B604FE176AE43E00611264 /* CAShapeLayerWithHitTest.m */; };
		C6B6055E176AE43E00611264 /* CGPathAdditions.m in Sources */ = {isa = PBXBuildFile; fileRef = C6B60500176AE43E00611264 /* CGPathAdditions.m */; };
		C6B6055F176AE43E00611264 /* SVGKLayer.m in Sources */ = {isa = PBXBuildFile; fileRef = C6B60502176AE43E00611264 /* SVGKLayer.m */; };
		C6B60560176AE43E00611264 /* SVGKImage.m in Sources */ = {isa = PBXBuildFile; fileRef = C6B60504176AE43E00611264 /* SVGKImage.m */; };
		C6B60561176AE43E00611264 /* SVGKSource.m in Sources */ = {isa = PBXBuildFile; fileRef = C6B60507176AE43E00611264 /* SVGKSource.m */; };
		C6B60562176AE43E00611264 /* SVGKFastImageView.m in Sources */ = {isa = PBXBuildFile; fileRef = C6B6050A176AE43E00611264 /* SVGKFastImageView.m */; };
		C6B60563176AE43E00611264 /* SVGKImageView.m in Sources */ = {isa = PBXBuildFile; fileRef = C6B6050C176AE43E00611264 /* SVGKImageView.m */; };
		C6B60564176AE43E00611264 /* SVGKLayeredImageView.m in Sources */ = {isa = PBXBuildFile; fileRef = C6B6050E176AE43E00611264 /* SVGKLayeredImageView.m */; };
		C6B60565176AE43E00611264 /* SVGKImage+SVGPathView.m in Sources */ = {isa = PBXBuildFile; fileRef = C6B60511176AE43E00611264 /* SVGKImage+SVGPathView.m */; };
		C6B60566176AE43E00611264 /* SVGKPattern.m in Sources */ = {isa = PBXBuildFile; fileRef = C6B60513176AE43E00611264 /* SVGKPattern.m */; };
		C6B60567176AE43E00611264 /* SVGUtils.m in Sources */ = {isa = PBXBuildFile; fileRef = C6B60515176AE43E00611264 /* SVGUtils.m */; };
/* End PBXBuildFile section */

/* Begin PBXContainerItemProxy section */
		C6B60301176AD8EA00611264 /* PBXContainerItemProxy */ = {
			isa = PBXContainerItemProxy;
			containerPortal = C6B602CB176AD8EA00611264 /* Project object */;
			proxyType = 1;
			remoteGlobalIDString = C6B602D2176AD8EA00611264;
			remoteInfo = SVGTest;
		};
/* End PBXContainerItemProxy section */

/* Begin PBXFileReference section */
		C6B602D3176AD8EA00611264 /* SVGTest.app */ = {isa = PBXFileReference; explicitFileType = wrapper.application; includeInIndex = 0; path = SVGTest.app; sourceTree = BUILT_PRODUCTS_DIR; };
		C6B602D6176AD8EA00611264 /* UIKit.framework */ = {isa = PBXFileReference; lastKnownFileType = wrapper.framework; name = UIKit.framework; path = System/Library/Frameworks/UIKit.framework; sourceTree = SDKROOT; };
		C6B602D8176AD8EA00611264 /* Foundation.framework */ = {isa = PBXFileReference; lastKnownFileType = wrapper.framework; name = Foundation.framework; path = System/Library/Frameworks/Foundation.framework; sourceTree = SDKROOT; };
		C6B602DA176AD8EA00611264 /* CoreGraphics.framework */ = {isa = PBXFileReference; lastKnownFileType = wrapper.framework; name = CoreGraphics.framework; path = System/Library/Frameworks/CoreGraphics.framework; sourceTree = SDKROOT; };
		C6B602DE176AD8EA00611264 /* SVGTest-Info.plist */ = {isa = PBXFileReference; lastKnownFileType = text.plist.xml; path = "SVGTest-Info.plist"; sourceTree = "<group>"; };
		C6B602E0176AD8EA00611264 /* en */ = {isa = PBXFileReference; lastKnownFileType = text.plist.strings; name = en; path = en.lproj/InfoPlist.strings; sourceTree = "<group>"; };
		C6B602E2176AD8EA00611264 /* main.m */ = {isa = PBXFileReference; lastKnownFileType = sourcecode.c.objc; path = main.m; sourceTree = "<group>"; };
		C6B602E4176AD8EA00611264 /* SVGTest-Prefix.pch */ = {isa = PBXFileReference; lastKnownFileType = sourcecode.c.h; path = "SVGTest-Prefix.pch"; sourceTree = "<group>"; };
		C6B602E5176AD8EA00611264 /* AppDelegate.h */ = {isa = PBXFileReference; lastKnownFileType = sourcecode.c.h; path = AppDelegate.h; sourceTree = "<group>"; };
		C6B602E6176AD8EA00611264 /* AppDelegate.m */ = {isa = PBXFileReference; lastKnownFileType = sourcecode.c.objc; path = AppDelegate.m; sourceTree = "<group>"; };
		C6B602E8176AD8EA00611264 /* Default.png */ = {isa = PBXFileReference; lastKnownFileType = image.png; path = Default.png; sourceTree = "<group>"; };
		C6B602EA176AD8EA00611264 /* Default@2x.png */ = {isa = PBXFileReference; lastKnownFileType = image.png; path = "Default@2x.png"; sourceTree = "<group>"; };
		C6B602EC176AD8EA00611264 /* Default-568h@2x.png */ = {isa = PBXFileReference; lastKnownFileType = image.png; path = "Default-568h@2x.png"; sourceTree = "<group>"; };
		C6B602EE176AD8EA00611264 /* ViewController.h */ = {isa = PBXFileReference; lastKnownFileType = sourcecode.c.h; path = ViewController.h; sourceTree = "<group>"; };
		C6B602EF176AD8EA00611264 /* ViewController.m */ = {isa = PBXFileReference; lastKnownFileType = sourcecode.c.objc; path = ViewController.m; sourceTree = "<group>"; };
		C6B602F2176AD8EA00611264 /* en */ = {isa = PBXFileReference; lastKnownFileType = file.xib; name = en; path = en.lproj/ViewController_iPhone.xib; sourceTree = "<group>"; };
		C6B602F5176AD8EA00611264 /* en */ = {isa = PBXFileReference; lastKnownFileType = file.xib; name = en; path = en.lproj/ViewController_iPad.xib; sourceTree = "<group>"; };
		C6B602FC176AD8EA00611264 /* SVGTestTests.octest */ = {isa = PBXFileReference; explicitFileType = wrapper.cfbundle; includeInIndex = 0; path = SVGTestTests.octest; sourceTree = BUILT_PRODUCTS_DIR; };
		C6B602FD176AD8EA00611264 /* SenTestingKit.framework */ = {isa = PBXFileReference; lastKnownFileType = wrapper.framework; name = SenTestingKit.framework; path = Library/Frameworks/SenTestingKit.framework; sourceTree = DEVELOPER_DIR; };
		C6B60305176AD8EA00611264 /* SVGTestTests-Info.plist */ = {isa = PBXFileReference; lastKnownFileType = text.plist.xml; path = "SVGTestTests-Info.plist"; sourceTree = "<group>"; };
		C6B60307176AD8EA00611264 /* en */ = {isa = PBXFileReference; lastKnownFileType = text.plist.strings; name = en; path = en.lproj/InfoPlist.strings; sourceTree = "<group>"; };
		C6B60309176AD8EA00611264 /* SVGTestTests.h */ = {isa = PBXFileReference; lastKnownFileType = sourcecode.c.h; path = SVGTestTests.h; sourceTree = "<group>"; };
		C6B6030A176AD8EA00611264 /* SVGTestTests.m */ = {isa = PBXFileReference; lastKnownFileType = sourcecode.c.objc; path = SVGTestTests.m; sourceTree = "<group>"; };
		C6B60430176AD92B00611264 /* CoreText.framework */ = {isa = PBXFileReference; lastKnownFileType = wrapper.framework; name = CoreText.framework; path = System/Library/Frameworks/CoreText.framework; sourceTree = SDKROOT; };
		C6B60432176AD93300611264 /* libxml2.dylib */ = {isa = PBXFileReference; lastKnownFileType = "compiled.mach-o.dylib"; name = libxml2.dylib; path = usr/lib/libxml2.dylib; sourceTree = SDKROOT; };
		C6B60434176AD9FC00611264 /* QuartzCore.framework */ = {isa = PBXFileReference; lastKnownFileType = wrapper.framework; name = QuartzCore.framework; path = System/Library/Frameworks/QuartzCore.framework; sourceTree = SDKROOT; };
		C6B6044A176AE18C00611264 /* SVGs */ = {isa = PBXFileReference; lastKnownFileType = folder; name = SVGs; path = ../../SVGs; sourceTree = "<group>"; };
		C6B6044F176AE43E00611264 /* AppleSucksDOMImplementation.h */ = {isa = PBXFileReference; fileEncoding = 4; lastKnownFileType = sourcecode.c.h; path = AppleSucksDOMImplementation.h; sourceTree = "<group>"; };
		C6B60450176AE43E00611264 /* AppleSucksDOMImplementation.m */ = {isa = PBXFileReference; fileEncoding = 4; lastKnownFileType = sourcecode.c.objc; path = AppleSucksDOMImplementation.m; sourceTree = "<group>"; };
		C6B60451176AE43E00611264 /* Attr.h */ = {isa = PBXFileReference; fileEncoding = 4; lastKnownFileType = sourcecode.c.h; path = Attr.h; sourceTree = "<group>"; };
		C6B60452176AE43E00611264 /* Attr.m */ = {isa = PBXFileReference; fileEncoding = 4; lastKnownFileType = sourcecode.c.objc; path = Attr.m; sourceTree = "<group>"; };
		C6B60453176AE43E00611264 /* CDATASection.h */ = {isa = PBXFileReference; fileEncoding = 4; lastKnownFileType = sourcecode.c.h; path = CDATASection.h; sourceTree = "<group>"; };
		C6B60454176AE43E00611264 /* CDATASection.m */ = {isa = PBXFileReference; fileEncoding = 4; lastKnownFileType = sourcecode.c.objc; path = CDATASection.m; sourceTree = "<group>"; };
		C6B60455176AE43E00611264 /* CharacterData.h */ = {isa = PBXFileReference; fileEncoding = 4; lastKnownFileType = sourcecode.c.h; path = CharacterData.h; sourceTree = "<group>"; };
		C6B60456176AE43E00611264 /* CharacterData.m */ = {isa = PBXFileReference; fileEncoding = 4; lastKnownFileType = sourcecode.c.objc; path = CharacterData.m; sourceTree = "<group>"; };
		C6B60457176AE43E00611264 /* Comment.h */ = {isa = PBXFileReference; fileEncoding = 4; lastKnownFileType = sourcecode.c.h; path = Comment.h; sourceTree = "<group>"; };
		C6B60458176AE43E00611264 /* Comment.m */ = {isa = PBXFileReference; fileEncoding = 4; lastKnownFileType = sourcecode.c.objc; path = Comment.m; sourceTree = "<group>"; };
		C6B60459176AE43E00611264 /* CSSPrimitiveValue.h */ = {isa = PBXFileReference; fileEncoding = 4; lastKnownFileType = sourcecode.c.h; path = CSSPrimitiveValue.h; sourceTree = "<group>"; };
		C6B6045A176AE43E00611264 /* CSSPrimitiveValue.m */ = {isa = PBXFileReference; fileEncoding = 4; lastKnownFileType = sourcecode.c.objc; path = CSSPrimitiveValue.m; sourceTree = "<group>"; };
		C6B6045B176AE43E00611264 /* CSSPrimitiveValue_ConfigurablePixelsPerInch.h */ = {isa = PBXFileReference; fileEncoding = 4; lastKnownFileType = sourcecode.c.h; path = CSSPrimitiveValue_ConfigurablePixelsPerInch.h; sourceTree = "<group>"; };
		C6B6045C176AE43E00611264 /* CSSRule.h */ = {isa = PBXFileReference; fileEncoding = 4; lastKnownFileType = sourcecode.c.h; path = CSSRule.h; sourceTree = "<group>"; };
		C6B6045D176AE43E00611264 /* CSSRule.m */ = {isa = PBXFileReference; fileEncoding = 4; lastKnownFileType = sourcecode.c.objc; path = CSSRule.m; sourceTree = "<group>"; };
		C6B6045E176AE43E00611264 /* CSSRuleList+Mutable.h */ = {isa = PBXFileReference; fileEncoding = 4; lastKnownFileType = sourcecode.c.h; path = "CSSRuleList+Mutable.h"; sourceTree = "<group>"; };
		C6B6045F176AE43E00611264 /* CSSRuleList.h */ = {isa = PBXFileReference; fileEncoding = 4; lastKnownFileType = sourcecode.c.h; path = CSSRuleList.h; sourceTree = "<group>"; };
		C6B60460176AE43E00611264 /* CSSRuleList.m */ = {isa = PBXFileReference; fileEncoding = 4; lastKnownFileType = sourcecode.c.objc; path = CSSRuleList.m; sourceTree = "<group>"; };
		C6B60461176AE43E00611264 /* CSSStyleDeclaration.h */ = {isa = PBXFileReference; fileEncoding = 4; lastKnownFileType = sourcecode.c.h; path = CSSStyleDeclaration.h; sourceTree = "<group>"; };
		C6B60462176AE43E00611264 /* CSSStyleDeclaration.m */ = {isa = PBXFileReference; fileEncoding = 4; lastKnownFileType = sourcecode.c.objc; path = CSSStyleDeclaration.m; sourceTree = "<group>"; };
		C6B60463176AE43E00611264 /* CSSStyleRule.h */ = {isa = PBXFileReference; fileEncoding = 4; lastKnownFileType = sourcecode.c.h; path = CSSStyleRule.h; sourceTree = "<group>"; };
		C6B60464176AE43E00611264 /* CSSStyleRule.m */ = {isa = PBXFileReference; fileEncoding = 4; lastKnownFileType = sourcecode.c.objc; path = CSSStyleRule.m; sourceTree = "<group>"; };
		C6B60465176AE43E00611264 /* CSSStyleSheet.h */ = {isa = PBXFileReference; fileEncoding = 4; lastKnownFileType = sourcecode.c.h; path = CSSStyleSheet.h; sourceTree = "<group>"; };
		C6B60466176AE43E00611264 /* CSSStyleSheet.m */ = {isa = PBXFileReference; fileEncoding = 4; lastKnownFileType = sourcecode.c.objc; path = CSSStyleSheet.m; sourceTree = "<group>"; };
		C6B60467176AE43E00611264 /* CSSValue.h */ = {isa = PBXFileReference; fileEncoding = 4; lastKnownFileType = sourcecode.c.h; path = CSSValue.h; sourceTree = "<group>"; };
		C6B60468176AE43E00611264 /* CSSValue.m */ = {isa = PBXFileReference; fileEncoding = 4; lastKnownFileType = sourcecode.c.objc; path = CSSValue.m; sourceTree = "<group>"; };
		C6B60469176AE43E00611264 /* CSSValue_ForSubclasses.h */ = {isa = PBXFileReference; fileEncoding = 4; lastKnownFileType = sourcecode.c.h; path = CSSValue_ForSubclasses.h; sourceTree = "<group>"; };
		C6B6046A176AE43E00611264 /* CSSValueList.h */ = {isa = PBXFileReference; fileEncoding = 4; lastKnownFileType = sourcecode.c.h; path = CSSValueList.h; sourceTree = "<group>"; };
		C6B6046B176AE43E00611264 /* CSSValueList.m */ = {isa = PBXFileReference; fileEncoding = 4; lastKnownFileType = sourcecode.c.objc; path = CSSValueList.m; sourceTree = "<group>"; };
		C6B6046C176AE43E00611264 /* Document+Mutable.h */ = {isa = PBXFileReference; fileEncoding = 4; lastKnownFileType = sourcecode.c.h; path = "Document+Mutable.h"; sourceTree = "<group>"; };
		C6B6046D176AE43E00611264 /* Document.h */ = {isa = PBXFileReference; fileEncoding = 4; lastKnownFileType = sourcecode.c.h; path = Document.h; sourceTree = "<group>"; };
		C6B6046E176AE43E00611264 /* Document.m */ = {isa = PBXFileReference; fileEncoding = 4; lastKnownFileType = sourcecode.c.objc; path = Document.m; sourceTree = "<group>"; };
		C6B6046F176AE43E00611264 /* DocumentCSS.h */ = {isa = PBXFileReference; fileEncoding = 4; lastKnownFileType = sourcecode.c.h; path = DocumentCSS.h; sourceTree = "<group>"; };
		C6B60470176AE43E00611264 /* DocumentFragment.h */ = {isa = PBXFileReference; fileEncoding = 4; lastKnownFileType = sourcecode.c.h; path = DocumentFragment.h; sourceTree = "<group>"; };
		C6B60471176AE43E00611264 /* DocumentFragment.m */ = {isa = PBXFileReference; fileEncoding = 4; lastKnownFileType = sourcecode.c.objc; path = DocumentFragment.m; sourceTree = "<group>"; };
		C6B60472176AE43E00611264 /* DocumentStyle.h */ = {isa = PBXFileReference; fileEncoding = 4; lastKnownFileType = sourcecode.c.h; path = DocumentStyle.h; sourceTree = "<group>"; };
		C6B60473176AE43E00611264 /* DocumentType.h */ = {isa = PBXFileReference; fileEncoding = 4; lastKnownFileType = sourcecode.c.h; path = DocumentType.h; sourceTree = "<group>"; };
		C6B60474176AE43E00611264 /* DocumentType.m */ = {isa = PBXFileReference; fileEncoding = 4; lastKnownFileType = sourcecode.c.objc; path = DocumentType.m; sourceTree = "<group>"; };
		C6B60475176AE43E00611264 /* DOMGlobalSettings.h */ = {isa = PBXFileReference; fileEncoding = 4; lastKnownFileType = sourcecode.c.h; path = DOMGlobalSettings.h; sourceTree = "<group>"; };
		C6B60476176AE43E00611264 /* DOMHelperUtilities.h */ = {isa = PBXFileReference; fileEncoding = 4; lastKnownFileType = sourcecode.c.h; path = DOMHelperUtilities.h; sourceTree = "<group>"; };
		C6B60477176AE43E00611264 /* DOMHelperUtilities.m */ = {isa = PBXFileReference; fileEncoding = 4; lastKnownFileType = sourcecode.c.objc; path = DOMHelperUtilities.m; sourceTree = "<group>"; };
		C6B60478176AE43E00611264 /* Element.h */ = {isa = PBXFileReference; fileEncoding = 4; lastKnownFileType = sourcecode.c.h; path = Element.h; sourceTree = "<group>"; };
		C6B60479176AE43E00611264 /* Element.m */ = {isa = PBXFileReference; fileEncoding = 4; lastKnownFileType = sourcecode.c.objc; path = Element.m; sourceTree = "<group>"; };
		C6B6047A176AE43E00611264 /* EntityReference.h */ = {isa = PBXFileReference; fileEncoding = 4; lastKnownFileType = sourcecode.c.h; path = EntityReference.h; sourceTree = "<group>"; };
		C6B6047B176AE43E00611264 /* EntityReference.m */ = {isa = PBXFileReference; fileEncoding = 4; lastKnownFileType = sourcecode.c.objc; path = EntityReference.m; sourceTree = "<group>"; };
		C6B6047C176AE43E00611264 /* MediaList.h */ = {isa = PBXFileReference; fileEncoding = 4; lastKnownFileType = sourcecode.c.h; path = MediaList.h; sourceTree = "<group>"; };
		C6B6047D176AE43E00611264 /* MediaList.m */ = {isa = PBXFileReference; fileEncoding = 4; lastKnownFileType = sourcecode.c.objc; path = MediaList.m; sourceTree = "<group>"; };
		C6B6047E176AE43E00611264 /* NamedNodeMap.h */ = {isa = PBXFileReference; fileEncoding = 4; lastKnownFileType = sourcecode.c.h; path = NamedNodeMap.h; sourceTree = "<group>"; };
		C6B6047F176AE43E00611264 /* NamedNodeMap.m */ = {isa = PBXFileReference; fileEncoding = 4; lastKnownFileType = sourcecode.c.objc; path = NamedNodeMap.m; sourceTree = "<group>"; };
		C6B60480176AE43E00611264 /* Node+Mutable.h */ = {isa = PBXFileReference; fileEncoding = 4; lastKnownFileType = sourcecode.c.h; path = "Node+Mutable.h"; sourceTree = "<group>"; };
		C6B60481176AE43E00611264 /* Node.h */ = {isa = PBXFileReference; fileEncoding = 4; lastKnownFileType = sourcecode.c.h; path = Node.h; sourceTree = "<group>"; };
		C6B60482176AE43E00611264 /* Node.m */ = {isa = PBXFileReference; fileEncoding = 4; lastKnownFileType = sourcecode.c.objc; path = Node.m; sourceTree = "<group>"; };
		C6B60483176AE43E00611264 /* NodeList+Mutable.h */ = {isa = PBXFileReference; fileEncoding = 4; lastKnownFileType = sourcecode.c.h; path = "NodeList+Mutable.h"; sourceTree = "<group>"; };
		C6B60484176AE43E00611264 /* NodeList.h */ = {isa = PBXFileReference; fileEncoding = 4; lastKnownFileType = sourcecode.c.h; path = NodeList.h; sourceTree = "<group>"; };
		C6B60485176AE43E00611264 /* NodeList.m */ = {isa = PBXFileReference; fileEncoding = 4; lastKnownFileType = sourcecode.c.objc; path = NodeList.m; sourceTree = "<group>"; };
		C6B60486176AE43E00611264 /* ProcessingInstruction.h */ = {isa = PBXFileReference; fileEncoding = 4; lastKnownFileType = sourcecode.c.h; path = ProcessingInstruction.h; sourceTree = "<group>"; };
		C6B60487176AE43E00611264 /* ProcessingInstruction.m */ = {isa = PBXFileReference; fileEncoding = 4; lastKnownFileType = sourcecode.c.objc; path = ProcessingInstruction.m; sourceTree = "<group>"; };
		C6B60488176AE43E00611264 /* StyleSheet.h */ = {isa = PBXFileReference; fileEncoding = 4; lastKnownFileType = sourcecode.c.h; path = StyleSheet.h; sourceTree = "<group>"; };
		C6B60489176AE43E00611264 /* StyleSheet.m */ = {isa = PBXFileReference; fileEncoding = 4; lastKnownFileType = sourcecode.c.objc; path = StyleSheet.m; sourceTree = "<group>"; };
		C6B6048A176AE43E00611264 /* StyleSheetList+Mutable.h */ = {isa = PBXFileReference; fileEncoding = 4; lastKnownFileType = sourcecode.c.h; path = "StyleSheetList+Mutable.h"; sourceTree = "<group>"; };
		C6B6048B176AE43E00611264 /* StyleSheetList.h */ = {isa = PBXFileReference; fileEncoding = 4; lastKnownFileType = sourcecode.c.h; path = StyleSheetList.h; sourceTree = "<group>"; };
		C6B6048C176AE43E00611264 /* StyleSheetList.m */ = {isa = PBXFileReference; fileEncoding = 4; lastKnownFileType = sourcecode.c.objc; path = StyleSheetList.m; sourceTree = "<group>"; };
		C6B6048D176AE43E00611264 /* Text.h */ = {isa = PBXFileReference; fileEncoding = 4; lastKnownFileType = sourcecode.c.h; path = Text.h; sourceTree = "<group>"; };
		C6B6048E176AE43E00611264 /* Text.m */ = {isa = PBXFileReference; fileEncoding = 4; lastKnownFileType = sourcecode.c.objc; path = Text.m; sourceTree = "<group>"; };
		C6B60490176AE43E00611264 /* SVGAngle.h */ = {isa = PBXFileReference; fileEncoding = 4; lastKnownFileType = sourcecode.c.h; path = SVGAngle.h; sourceTree = "<group>"; };
		C6B60491176AE43E00611264 /* SVGAngle.m */ = {isa = PBXFileReference; fileEncoding = 4; lastKnownFileType = sourcecode.c.objc; path = SVGAngle.m; sourceTree = "<group>"; };
		C6B60492176AE43E00611264 /* SVGDefsElement.h */ = {isa = PBXFileReference; fileEncoding = 4; lastKnownFileType = sourcecode.c.h; path = SVGDefsElement.h; sourceTree = "<group>"; };
		C6B60493176AE43E00611264 /* SVGDefsElement.m */ = {isa = PBXFileReference; fileEncoding = 4; lastKnownFileType = sourcecode.c.objc; path = SVGDefsElement.m; sourceTree = "<group>"; };
		C6B60494176AE43E00611264 /* SVGDocument.h */ = {isa = PBXFileReference; fileEncoding = 4; lastKnownFileType = sourcecode.c.h; path = SVGDocument.h; sourceTree = "<group>"; };
		C6B60495176AE43E00611264 /* SVGDocument.m */ = {isa = PBXFileReference; fileEncoding = 4; lastKnownFileType = sourcecode.c.objc; path = SVGDocument.m; sourceTree = "<group>"; };
		C6B60496176AE43E00611264 /* SVGDocument_Mutable.h */ = {isa = PBXFileReference; fileEncoding = 4; lastKnownFileType = sourcecode.c.h; path = SVGDocument_Mutable.h; sourceTree = "<group>"; };
		C6B60497176AE43E00611264 /* SVGElementInstance.h */ = {isa = PBXFileReference; fileEncoding = 4; lastKnownFileType = sourcecode.c.h; path = SVGElementInstance.h; sourceTree = "<group>"; };
		C6B60498176AE43E00611264 /* SVGElementInstance.m */ = {isa = PBXFileReference; fileEncoding = 4; lastKnownFileType = sourcecode.c.objc; path = SVGElementInstance.m; sourceTree = "<group>"; };
		C6B60499176AE43E00611264 /* SVGElementInstance_Mutable.h */ = {isa = PBXFileReference; fileEncoding = 4; lastKnownFileType = sourcecode.c.h; path = SVGElementInstance_Mutable.h; sourceTree = "<group>"; };
		C6B6049A176AE43E00611264 /* SVGElementInstanceList.h */ = {isa = PBXFileReference; fileEncoding = 4; lastKnownFileType = sourcecode.c.h; path = SVGElementInstanceList.h; sourceTree = "<group>"; };
		C6B6049B176AE43E00611264 /* SVGElementInstanceList.m */ = {isa = PBXFileReference; fileEncoding = 4; lastKnownFileType = sourcecode.c.objc; path = SVGElementInstanceList.m; sourceTree = "<group>"; };
		C6B6049C176AE43E00611264 /* SVGElementInstanceList_Internal.h */ = {isa = PBXFileReference; fileEncoding = 4; lastKnownFileType = sourcecode.c.h; path = SVGElementInstanceList_Internal.h; sourceTree = "<group>"; };
		C6B6049D176AE43E00611264 /* SVGFitToViewBox.h */ = {isa = PBXFileReference; fileEncoding = 4; lastKnownFileType = sourcecode.c.h; path = SVGFitToViewBox.h; sourceTree = "<group>"; };
		C6B6049E176AE43E00611264 /* SVGGElement.h */ = {isa = PBXFileReference; fileEncoding = 4; lastKnownFileType = sourcecode.c.h; path = SVGGElement.h; sourceTree = "<group>"; };
		C6B6049F176AE43E00611264 /* SVGGElement.m */ = {isa = PBXFileReference; fileEncoding = 4; lastKnownFileType = sourcecode.c.objc; path = SVGGElement.m; sourceTree = "<group>"; };
		C6B604A0176AE43E00611264 /* SVGHelperUtilities.h */ = {isa = PBXFileReference; fileEncoding = 4; lastKnownFileType = sourcecode.c.h; path = SVGHelperUtilities.h; sourceTree = "<group>"; };
		C6B604A1176AE43E00611264 /* SVGHelperUtilities.m */ = {isa = PBXFileReference; fileEncoding = 4; lastKnownFileType = sourcecode.c.objc; path = SVGHelperUtilities.m; sourceTree = "<group>"; };
		C6B604A2176AE43E00611264 /* SVGLength.h */ = {isa = PBXFileReference; fileEncoding = 4; lastKnownFileType = sourcecode.c.h; path = SVGLength.h; sourceTree = "<group>"; };
		C6B604A3176AE43E00611264 /* SVGLength.m */ = {isa = PBXFileReference; fileEncoding = 4; lastKnownFileType = sourcecode.c.objc; path = SVGLength.m; sourceTree = "<group>"; };
		C6B604A4176AE43E00611264 /* SVGMatrix.h */ = {isa = PBXFileReference; fileEncoding = 4; lastKnownFileType = sourcecode.c.h; path = SVGMatrix.h; sourceTree = "<group>"; };
		C6B604A5176AE43E00611264 /* SVGMatrix.m */ = {isa = PBXFileReference; fileEncoding = 4; lastKnownFileType = sourcecode.c.objc; path = SVGMatrix.m; sourceTree = "<group>"; };
		C6B604A6176AE43E00611264 /* SVGNumber.h */ = {isa = PBXFileReference; fileEncoding = 4; lastKnownFileType = sourcecode.c.h; path = SVGNumber.h; sourceTree = "<group>"; };
		C6B604A7176AE43E00611264 /* SVGPoint.h */ = {isa = PBXFileReference; fileEncoding = 4; lastKnownFileType = sourcecode.c.h; path = SVGPoint.h; sourceTree = "<group>"; };
		C6B604A8176AE43E00611264 /* SVGPoint.m */ = {isa = PBXFileReference; fileEncoding = 4; lastKnownFileType = sourcecode.c.objc; path = SVGPoint.m; sourceTree = "<group>"; };
		C6B604A9176AE43E00611264 /* SVGRect.h */ = {isa = PBXFileReference; fileEncoding = 4; lastKnownFileType = sourcecode.c.h; path = SVGRect.h; sourceTree = "<group>"; };
		C6B604AA176AE43E00611264 /* SVGRect.m */ = {isa = PBXFileReference; fileEncoding = 4; lastKnownFileType = sourcecode.c.objc; path = SVGRect.m; sourceTree = "<group>"; };
		C6B604AB176AE43E00611264 /* SVGStylable.h */ = {isa = PBXFileReference; fileEncoding = 4; lastKnownFileType = sourcecode.c.h; path = SVGStylable.h; sourceTree = "<group>"; };
		C6B604AC176AE43E00611264 /* SVGSVGElement_Mutable.h */ = {isa = PBXFileReference; fileEncoding = 4; lastKnownFileType = sourcecode.c.h; path = SVGSVGElement_Mutable.h; sourceTree = "<group>"; };
		C6B604AD176AE43E00611264 /* SVGTextContentElement.h */ = {isa = PBXFileReference; fileEncoding = 4; lastKnownFileType = sourcecode.c.h; path = SVGTextContentElement.h; sourceTree = "<group>"; };
		C6B604AE176AE43E00611264 /* SVGTextContentElement.m */ = {isa = PBXFileReference; fileEncoding = 4; lastKnownFileType = sourcecode.c.objc; path = SVGTextContentElement.m; sourceTree = "<group>"; };
		C6B604AF176AE43E00611264 /* SVGTextPositioningElement.h */ = {isa = PBXFileReference; fileEncoding = 4; lastKnownFileType = sourcecode.c.h; path = SVGTextPositioningElement.h; sourceTree = "<group>"; };
		C6B604B0176AE43E00611264 /* SVGTextPositioningElement.m */ = {isa = PBXFileReference; fileEncoding = 4; lastKnownFileType = sourcecode.c.objc; path = SVGTextPositioningElement.m; sourceTree = "<group>"; };
		C6B604B1176AE43E00611264 /* SVGTextPositioningElement_Mutable.h */ = {isa = PBXFileReference; fileEncoding = 4; lastKnownFileType = sourcecode.c.h; path = SVGTextPositioningElement_Mutable.h; sourceTree = "<group>"; };
		C6B604B2176AE43E00611264 /* SVGTransform.h */ = {isa = PBXFileReference; fileEncoding = 4; lastKnownFileType = sourcecode.c.h; path = SVGTransform.h; sourceTree = "<group>"; };
		C6B604B3176AE43E00611264 /* SVGTransform.m */ = {isa = PBXFileReference; fileEncoding = 4; lastKnownFileType = sourcecode.c.objc; path = SVGTransform.m; sourceTree = "<group>"; };
		C6B604B4176AE43E00611264 /* SVGTransformable.h */ = {isa = PBXFileReference; fileEncoding = 4; lastKnownFileType = sourcecode.c.h; path = SVGTransformable.h; sourceTree = "<group>"; };
		C6B604B5176AE43E00611264 /* SVGUseElement.h */ = {isa = PBXFileReference; fileEncoding = 4; lastKnownFileType = sourcecode.c.h; path = SVGUseElement.h; sourceTree = "<group>"; };
		C6B604B6176AE43E00611264 /* SVGUseElement.m */ = {isa = PBXFileReference; fileEncoding = 4; lastKnownFileType = sourcecode.c.objc; path = SVGUseElement.m; sourceTree = "<group>"; };
		C6B604B7176AE43E00611264 /* SVGUseElement_Mutable.h */ = {isa = PBXFileReference; fileEncoding = 4; lastKnownFileType = sourcecode.c.h; path = SVGUseElement_Mutable.h; sourceTree = "<group>"; };
		C6B604B8176AE43E00611264 /* SVGViewSpec.h */ = {isa = PBXFileReference; fileEncoding = 4; lastKnownFileType = sourcecode.c.h; path = SVGViewSpec.h; sourceTree = "<group>"; };
		C6B604BA176AE43E00611264 /* BaseClassForAllSVGBasicShapes.h */ = {isa = PBXFileReference; fileEncoding = 4; lastKnownFileType = sourcecode.c.h; path = BaseClassForAllSVGBasicShapes.h; sourceTree = "<group>"; };
		C6B604BB176AE43E00611264 /* BaseClassForAllSVGBasicShapes.m */ = {isa = PBXFileReference; fileEncoding = 4; lastKnownFileType = sourcecode.c.objc; path = BaseClassForAllSVGBasicShapes.m; sourceTree = "<group>"; };
		C6B604BC176AE43E00611264 /* BaseClassForAllSVGBasicShapes_ForSubclasses.h */ = {isa = PBXFileReference; fileEncoding = 4; lastKnownFileType = sourcecode.c.h; path = BaseClassForAllSVGBasicShapes_ForSubclasses.h; sourceTree = "<group>"; };
		C6B604BD176AE43E00611264 /* SVGCircleElement.h */ = {isa = PBXFileReference; fileEncoding = 4; lastKnownFileType = sourcecode.c.h; path = SVGCircleElement.h; sourceTree = "<group>"; };
		C6B604BE176AE43E00611264 /* SVGCircleElement.m */ = {isa = PBXFileReference; fileEncoding = 4; lastKnownFileType = sourcecode.c.objc; path = SVGCircleElement.m; sourceTree = "<group>"; };
		C6B604BF176AE43E00611264 /* SVGDescriptionElement.h */ = {isa = PBXFileReference; fileEncoding = 4; lastKnownFileType = sourcecode.c.h; path = SVGDescriptionElement.h; sourceTree = "<group>"; };
		C6B604C0176AE43E00611264 /* SVGDescriptionElement.m */ = {isa = PBXFileReference; fileEncoding = 4; lastKnownFileType = sourcecode.c.objc; path = SVGDescriptionElement.m; sourceTree = "<group>"; };
		C6B604C1176AE43E00611264 /* SVGElement.h */ = {isa = PBXFileReference; fileEncoding = 4; lastKnownFileType = sourcecode.c.h; path = SVGElement.h; sourceTree = "<group>"; };
		C6B604C2176AE43E00611264 /* SVGElement.m */ = {isa = PBXFileReference; fileEncoding = 4; lastKnownFileType = sourcecode.c.objc; path = SVGElement.m; sourceTree = "<group>"; };
		C6B604C3176AE43E00611264 /* SVGElement_ForParser.h */ = {isa = PBXFileReference; fileEncoding = 4; lastKnownFileType = sourcecode.c.h; path = SVGElement_ForParser.h; sourceTree = "<group>"; };
		C6B604C4176AE43E00611264 /* SVGEllipseElement.h */ = {isa = PBXFileReference; fileEncoding = 4; lastKnownFileType = sourcecode.c.h; path = SVGEllipseElement.h; sourceTree = "<group>"; };
		C6B604C5176AE43E00611264 /* SVGEllipseElement.m */ = {isa = PBXFileReference; fileEncoding = 4; lastKnownFileType = sourcecode.c.objc; path = SVGEllipseElement.m; sourceTree = "<group>"; };
		C6B604C6176AE43E00611264 /* SVGGradientElement.h */ = {isa = PBXFileReference; fileEncoding = 4; lastKnownFileType = sourcecode.c.h; path = SVGGradientElement.h; sourceTree = "<group>"; };
		C6B604C7176AE43E00611264 /* SVGGradientElement.m */ = {isa = PBXFileReference; fileEncoding = 4; lastKnownFileType = sourcecode.c.objc; path = SVGGradientElement.m; sourceTree = "<group>"; };
		C6B604C8176AE43E00611264 /* SVGGradientStop.h */ = {isa = PBXFileReference; fileEncoding = 4; lastKnownFileType = sourcecode.c.h; path = SVGGradientStop.h; sourceTree = "<group>"; };
		C6B604C9176AE43E00611264 /* SVGGradientStop.m */ = {isa = PBXFileReference; fileEncoding = 4; lastKnownFileType = sourcecode.c.objc; path = SVGGradientStop.m; sourceTree = "<group>"; };
		C6B604CA176AE43E00611264 /* SVGGroupElement.h */ = {isa = PBXFileReference; fileEncoding = 4; lastKnownFileType = sourcecode.c.h; path = SVGGroupElement.h; sourceTree = "<group>"; };
		C6B604CB176AE43E00611264 /* SVGGroupElement.m */ = {isa = PBXFileReference; fileEncoding = 4; lastKnownFileType = sourcecode.c.objc; path = SVGGroupElement.m; sourceTree = "<group>"; };
		C6B604CC176AE43E00611264 /* SVGImageElement.h */ = {isa = PBXFileReference; fileEncoding = 4; lastKnownFileType = sourcecode.c.h; path = SVGImageElement.h; sourceTree = "<group>"; };
		C6B604CD176AE43E00611264 /* SVGImageElement.m */ = {isa = PBXFileReference; fileEncoding = 4; lastKnownFileType = sourcecode.c.objc; path = SVGImageElement.m; sourceTree = "<group>"; };
		C6B604CE176AE43E00611264 /* SVGLayeredElement.h */ = {isa = PBXFileReference; fileEncoding = 4; lastKnownFileType = sourcecode.c.h; path = SVGLayeredElement.h; sourceTree = "<group>"; };
		C6B604CF176AE43E00611264 /* SVGLineElement.h */ = {isa = PBXFileReference; fileEncoding = 4; lastKnownFileType = sourcecode.c.h; path = SVGLineElement.h; sourceTree = "<group>"; };
		C6B604D0176AE43E00611264 /* SVGLineElement.m */ = {isa = PBXFileReference; fileEncoding = 4; lastKnownFileType = sourcecode.c.objc; path = SVGLineElement.m; sourceTree = "<group>"; };
		C6B604D1176AE43E00611264 /* SVGPathElement.h */ = {isa = PBXFileReference; fileEncoding = 4; lastKnownFileType = sourcecode.c.h; path = SVGPathElement.h; sourceTree = "<group>"; };
		C6B604D2176AE43E00611264 /* SVGPathElement.m */ = {isa = PBXFileReference; fileEncoding = 4; lastKnownFileType = sourcecode.c.objc; path = SVGPathElement.m; sourceTree = "<group>"; };
		C6B604D3176AE43E00611264 /* SVGPolygonElement.h */ = {isa = PBXFileReference; fileEncoding = 4; lastKnownFileType = sourcecode.c.h; path = SVGPolygonElement.h; sourceTree = "<group>"; };
		C6B604D4176AE43E00611264 /* SVGPolygonElement.m */ = {isa = PBXFileReference; fileEncoding = 4; lastKnownFileType = sourcecode.c.objc; path = SVGPolygonElement.m; sourceTree = "<group>"; };
		C6B604D5176AE43E00611264 /* SVGPolylineElement.h */ = {isa = PBXFileReference; fileEncoding = 4; lastKnownFileType = sourcecode.c.h; path = SVGPolylineElement.h; sourceTree = "<group>"; };
		C6B604D6176AE43E00611264 /* SVGPolylineElement.m */ = {isa = PBXFileReference; fileEncoding = 4; lastKnownFileType = sourcecode.c.objc; path = SVGPolylineElement.m; sourceTree = "<group>"; };
		C6B604D7176AE43E00611264 /* SVGRectElement.h */ = {isa = PBXFileReference; fileEncoding = 4; lastKnownFileType = sourcecode.c.h; path = SVGRectElement.h; sourceTree = "<group>"; };
		C6B604D8176AE43E00611264 /* SVGRectElement.m */ = {isa = PBXFileReference; fileEncoding = 4; lastKnownFileType = sourcecode.c.objc; path = SVGRectElement.m; sourceTree = "<group>"; };
		C6B604D9176AE43E00611264 /* SVGStyleCatcher.h */ = {isa = PBXFileReference; fileEncoding = 4; lastKnownFileType = sourcecode.c.h; path = SVGStyleCatcher.h; sourceTree = "<group>"; };
		C6B604DA176AE43E00611264 /* SVGStyleElement.h */ = {isa = PBXFileReference; fileEncoding = 4; lastKnownFileType = sourcecode.c.h; path = SVGStyleElement.h; sourceTree = "<group>"; };
		C6B604DB176AE43E00611264 /* SVGStyleElement.m */ = {isa = PBXFileReference; fileEncoding = 4; lastKnownFileType = sourcecode.c.objc; path = SVGStyleElement.m; sourceTree = "<group>"; };
		C6B604DC176AE43E00611264 /* SVGSVGElement.h */ = {isa = PBXFileReference; fileEncoding = 4; lastKnownFileType = sourcecode.c.h; path = SVGSVGElement.h; sourceTree = "<group>"; };
		C6B604DD176AE43E00611264 /* SVGSVGElement.m */ = {isa = PBXFileReference; fileEncoding = 4; lastKnownFileType = sourcecode.c.objc; path = SVGSVGElement.m; sourceTree = "<group>"; };
		C6B604DE176AE43E00611264 /* SVGTextElement.h */ = {isa = PBXFileReference; fileEncoding = 4; lastKnownFileType = sourcecode.c.h; path = SVGTextElement.h; sourceTree = "<group>"; };
		C6B604DF176AE43E00611264 /* SVGTextElement.m */ = {isa = PBXFileReference; fileEncoding = 4; lastKnownFileType = sourcecode.c.objc; path = SVGTextElement.m; sourceTree = "<group>"; };
		C6B604E0176AE43E00611264 /* SVGTitleElement.h */ = {isa = PBXFileReference; fileEncoding = 4; lastKnownFileType = sourcecode.c.h; path = SVGTitleElement.h; sourceTree = "<group>"; };
		C6B604E1176AE43E00611264 /* SVGTitleElement.m */ = {isa = PBXFileReference; fileEncoding = 4; lastKnownFileType = sourcecode.c.objc; path = SVGTitleElement.m; sourceTree = "<group>"; };
		C6B604E3176AE43E00611264 /* CALayerExporter.h */ = {isa = PBXFileReference; fileEncoding = 4; lastKnownFileType = sourcecode.c.h; path = CALayerExporter.h; sourceTree = "<group>"; };
		C6B604E4176AE43E00611264 /* CALayerExporter.m */ = {isa = PBXFileReference; fileEncoding = 4; lastKnownFileType = sourcecode.c.objc; path = CALayerExporter.m; sourceTree = "<group>"; };
		C6B604E7176AE43E00611264 /* SVGKParserDefsAndUse.h */ = {isa = PBXFileReference; fileEncoding = 4; lastKnownFileType = sourcecode.c.h; path = SVGKParserDefsAndUse.h; sourceTree = "<group>"; };
		C6B604E8176AE43E00611264 /* SVGKParserDefsAndUse.m */ = {isa = PBXFileReference; fileEncoding = 4; lastKnownFileType = sourcecode.c.objc; path = SVGKParserDefsAndUse.m; sourceTree = "<group>"; };
		C6B604E9176AE43E00611264 /* SVGKParserDOM.h */ = {isa = PBXFileReference; fileEncoding = 4; lastKnownFileType = sourcecode.c.h; path = SVGKParserDOM.h; sourceTree = "<group>"; };
		C6B604EA176AE43E00611264 /* SVGKParserDOM.m */ = {isa = PBXFileReference; fileEncoding = 4; lastKnownFileType = sourcecode.c.objc; path = SVGKParserDOM.m; sourceTree = "<group>"; };
		C6B604EB176AE43E00611264 /* SVGKParserGradient.h */ = {isa = PBXFileReference; fileEncoding = 4; lastKnownFileType = sourcecode.c.h; path = SVGKParserGradient.h; sourceTree = "<group>"; };
		C6B604EC176AE43E00611264 /* SVGKParserGradient.m */ = {isa = PBXFileReference; fileEncoding = 4; lastKnownFileType = sourcecode.c.objc; path = SVGKParserGradient.m; sourceTree = "<group>"; };
		C6B604ED176AE43E00611264 /* SVGKParserPatternsAndGradients.h */ = {isa = PBXFileReference; fileEncoding = 4; lastKnownFileType = sourcecode.c.h; path = SVGKParserPatternsAndGradients.h; sourceTree = "<group>"; };
		C6B604EE176AE43E00611264 /* SVGKParserPatternsAndGradients.m */ = {isa = PBXFileReference; fileEncoding = 4; lastKnownFileType = sourcecode.c.objc; path = SVGKParserPatternsAndGradients.m; sourceTree = "<group>"; };
		C6B604EF176AE43E00611264 /* SVGKParserStyles.h */ = {isa = PBXFileReference; fileEncoding = 4; lastKnownFileType = sourcecode.c.h; path = SVGKParserStyles.h; sourceTree = "<group>"; };
		C6B604F0176AE43E00611264 /* SVGKParserStyles.m */ = {isa = PBXFileReference; fileEncoding = 4; lastKnownFileType = sourcecode.c.objc; path = SVGKParserStyles.m; sourceTree = "<group>"; };
		C6B604F1176AE43E00611264 /* SVGKParserSVG.h */ = {isa = PBXFileReference; fileEncoding = 4; lastKnownFileType = sourcecode.c.h; path = SVGKParserSVG.h; sourceTree = "<group>"; };
		C6B604F2176AE43E00611264 /* SVGKParserSVG.m */ = {isa = PBXFileReference; fileEncoding = 4; lastKnownFileType = sourcecode.c.objc; path = SVGKParserSVG.m; sourceTree = "<group>"; };
		C6B604F3176AE43E00611264 /* SVGKParser.h */ = {isa = PBXFileReference; fileEncoding = 4; lastKnownFileType = sourcecode.c.h; path = SVGKParser.h; sourceTree = "<group>"; };
		C6B604F4176AE43E00611264 /* SVGKParser.m */ = {isa = PBXFileReference; fileEncoding = 4; lastKnownFileType = sourcecode.c.objc; path = SVGKParser.m; sourceTree = "<group>"; };
		C6B604F5176AE43E00611264 /* SVGKParseResult.h */ = {isa = PBXFileReference; fileEncoding = 4; lastKnownFileType = sourcecode.c.h; path = SVGKParseResult.h; sourceTree = "<group>"; };
		C6B604F6176AE43E00611264 /* SVGKParseResult.m */ = {isa = PBXFileReference; fileEncoding = 4; lastKnownFileType = sourcecode.c.objc; path = SVGKParseResult.m; sourceTree = "<group>"; };
		C6B604F7176AE43E00611264 /* SVGKParserExtension.h */ = {isa = PBXFileReference; fileEncoding = 4; lastKnownFileType = sourcecode.c.h; path = SVGKParserExtension.h; sourceTree = "<group>"; };
		C6B604F8176AE43E00611264 /* SVGKPointsAndPathsParser.h */ = {isa = PBXFileReference; fileEncoding = 4; lastKnownFileType = sourcecode.c.h; path = SVGKPointsAndPathsParser.h; sourceTree = "<group>"; };
		C6B604F9176AE43E00611264 /* SVGKPointsAndPathsParser.m */ = {isa = PBXFileReference; fileEncoding = 4; lastKnownFileType = sourcecode.c.objc; path = SVGKPointsAndPathsParser.m; sourceTree = "<group>"; };
		C6B604FB176AE43E00611264 /* CALayerWithChildHitTest.h */ = {isa = PBXFileReference; fileEncoding = 4; lastKnownFileType = sourcecode.c.h; path = CALayerWithChildHitTest.h; sourceTree = "<group>"; };
		C6B604FC176AE43E00611264 /* CALayerWithChildHitTest.m */ = {isa = PBXFileReference; fileEncoding = 4; lastKnownFileType = sourcecode.c.objc; path = CALayerWithChildHitTest.m; sourceTree = "<group>"; };
		C6B604FD176AE43E00611264 /* CAShapeLayerWithHitTest.h */ = {isa = PBXFileReference; fileEncoding = 4; lastKnownFileType = sourcecode.c.h; path = CAShapeLayerWithHitTest.h; sourceTree = "<group>"; };
		C6B604FE176AE43E00611264 /* CAShapeLayerWithHitTest.m */ = {isa = PBXFileReference; fileEncoding = 4; lastKnownFileType = sourcecode.c.objc; path = CAShapeLayerWithHitTest.m; sourceTree = "<group>"; };
		C6B604FF176AE43E00611264 /* CGPathAdditions.h */ = {isa = PBXFileReference; fileEncoding = 4; lastKnownFileType = sourcecode.c.h; path = CGPathAdditions.h; sourceTree = "<group>"; };
		C6B60500176AE43E00611264 /* CGPathAdditions.m */ = {isa = PBXFileReference; fileEncoding = 4; lastKnownFileType = sourcecode.c.objc; path = CGPathAdditions.m; sourceTree = "<group>"; };
		C6B60501176AE43E00611264 /* SVGKLayer.h */ = {isa = PBXFileReference; fileEncoding = 4; lastKnownFileType = sourcecode.c.h; path = SVGKLayer.h; sourceTree = "<group>"; };
		C6B60502176AE43E00611264 /* SVGKLayer.m */ = {isa = PBXFileReference; fileEncoding = 4; lastKnownFileType = sourcecode.c.objc; path = SVGKLayer.m; sourceTree = "<group>"; };
		C6B60503176AE43E00611264 /* SVGKImage.h */ = {isa = PBXFileReference; fileEncoding = 4; lastKnownFileType = sourcecode.c.h; path = SVGKImage.h; sourceTree = "<group>"; };
		C6B60504176AE43E00611264 /* SVGKImage.m */ = {isa = PBXFileReference; fileEncoding = 4; lastKnownFileType = sourcecode.c.objc; path = SVGKImage.m; sourceTree = "<group>"; };
		C6B60505176AE43E00611264 /* SVGKit.h */ = {isa = PBXFileReference; fileEncoding = 4; lastKnownFileType = sourcecode.c.h; path = SVGKit.h; sourceTree = "<group>"; };
		C6B60506176AE43E00611264 /* SVGKSource.h */ = {isa = PBXFileReference; fileEncoding = 4; lastKnownFileType = sourcecode.c.h; path = SVGKSource.h; sourceTree = "<group>"; };
		C6B60507176AE43E00611264 /* SVGKSource.m */ = {isa = PBXFileReference; fileEncoding = 4; lastKnownFileType = sourcecode.c.objc; path = SVGKSource.m; sourceTree = "<group>"; };
		C6B60509176AE43E00611264 /* SVGKFastImageView.h */ = {isa = PBXFileReference; fileEncoding = 4; lastKnownFileType = sourcecode.c.h; path = SVGKFastImageView.h; sourceTree = "<group>"; };
		C6B6050A176AE43E00611264 /* SVGKFastImageView.m */ = {isa = PBXFileReference; fileEncoding = 4; lastKnownFileType = sourcecode.c.objc; path = SVGKFastImageView.m; sourceTree = "<group>"; };
		C6B6050B176AE43E00611264 /* SVGKImageView.h */ = {isa = PBXFileReference; fileEncoding = 4; lastKnownFileType = sourcecode.c.h; path = SVGKImageView.h; sourceTree = "<group>"; };
		C6B6050C176AE43E00611264 /* SVGKImageView.m */ = {isa = PBXFileReference; fileEncoding = 4; lastKnownFileType = sourcecode.c.objc; path = SVGKImageView.m; sourceTree = "<group>"; };
		C6B6050D176AE43E00611264 /* SVGKLayeredImageView.h */ = {isa = PBXFileReference; fileEncoding = 4; lastKnownFileType = sourcecode.c.h; path = SVGKLayeredImageView.h; sourceTree = "<group>"; };
		C6B6050E176AE43E00611264 /* SVGKLayeredImageView.m */ = {isa = PBXFileReference; fileEncoding = 4; lastKnownFileType = sourcecode.c.objc; path = SVGKLayeredImageView.m; sourceTree = "<group>"; };
		C6B60510176AE43E00611264 /* SVGKImage+SVGPathView.h */ = {isa = PBXFileReference; fileEncoding = 4; lastKnownFileType = sourcecode.c.h; path = "SVGKImage+SVGPathView.h"; sourceTree = "<group>"; };
		C6B60511176AE43E00611264 /* SVGKImage+SVGPathView.m */ = {isa = PBXFileReference; fileEncoding = 4; lastKnownFileType = sourcecode.c.objc; path = "SVGKImage+SVGPathView.m"; sourceTree = "<group>"; };
		C6B60512176AE43E00611264 /* SVGKPattern.h */ = {isa = PBXFileReference; fileEncoding = 4; lastKnownFileType = sourcecode.c.h; path = SVGKPattern.h; sourceTree = "<group>"; };
		C6B60513176AE43E00611264 /* SVGKPattern.m */ = {isa = PBXFileReference; fileEncoding = 4; lastKnownFileType = sourcecode.c.objc; path = SVGKPattern.m; sourceTree = "<group>"; };
		C6B60514176AE43E00611264 /* SVGUtils.h */ = {isa = PBXFileReference; fileEncoding = 4; lastKnownFileType = sourcecode.c.h; path = SVGUtils.h; sourceTree = "<group>"; };
		C6B60515176AE43E00611264 /* SVGUtils.m */ = {isa = PBXFileReference; fileEncoding = 4; lastKnownFileType = sourcecode.c.objc; path = SVGUtils.m; sourceTree = "<group>"; };
/* End PBXFileReference section */

/* Begin PBXFrameworksBuildPhase section */
		C6B602D0176AD8EA00611264 /* Frameworks */ = {
			isa = PBXFrameworksBuildPhase;
			buildActionMask = 2147483647;
			files = (
				C6B60435176AD9FC00611264 /* QuartzCore.framework in Frameworks */,
				C6B60433176AD93300611264 /* libxml2.dylib in Frameworks */,
				C6B60431176AD92B00611264 /* CoreText.framework in Frameworks */,
				C6B602D7176AD8EA00611264 /* UIKit.framework in Frameworks */,
				C6B602D9176AD8EA00611264 /* Foundation.framework in Frameworks */,
				C6B602DB176AD8EA00611264 /* CoreGraphics.framework in Frameworks */,
			);
			runOnlyForDeploymentPostprocessing = 0;
		};
		C6B602F8176AD8EA00611264 /* Frameworks */ = {
			isa = PBXFrameworksBuildPhase;
			buildActionMask = 2147483647;
			files = (
				C6B602FE176AD8EA00611264 /* SenTestingKit.framework in Frameworks */,
				C6B602FF176AD8EA00611264 /* UIKit.framework in Frameworks */,
				C6B60300176AD8EA00611264 /* Foundation.framework in Frameworks */,
			);
			runOnlyForDeploymentPostprocessing = 0;
		};
/* End PBXFrameworksBuildPhase section */

/* Begin PBXGroup section */
		C6B602CA176AD8EA00611264 = {
			isa = PBXGroup;
			children = (
				C6B602DC176AD8EA00611264 /* SVGTest */,
				C6B60303176AD8EA00611264 /* SVGTestTests */,
				C6B602D5176AD8EA00611264 /* Frameworks */,
				C6B602D4176AD8EA00611264 /* Products */,
			);
			sourceTree = "<group>";
		};
		C6B602D4176AD8EA00611264 /* Products */ = {
			isa = PBXGroup;
			children = (
				C6B602D3176AD8EA00611264 /* SVGTest.app */,
				C6B602FC176AD8EA00611264 /* SVGTestTests.octest */,
			);
			name = Products;
			sourceTree = "<group>";
		};
		C6B602D5176AD8EA00611264 /* Frameworks */ = {
			isa = PBXGroup;
			children = (
				C6B60434176AD9FC00611264 /* QuartzCore.framework */,
				C6B60432176AD93300611264 /* libxml2.dylib */,
				C6B60430176AD92B00611264 /* CoreText.framework */,
				C6B602D6176AD8EA00611264 /* UIKit.framework */,
				C6B602D8176AD8EA00611264 /* Foundation.framework */,
				C6B602DA176AD8EA00611264 /* CoreGraphics.framework */,
				C6B602FD176AD8EA00611264 /* SenTestingKit.framework */,
			);
			name = Frameworks;
			sourceTree = "<group>";
		};
		C6B602DC176AD8EA00611264 /* SVGTest */ = {
			isa = PBXGroup;
			children = (
				C6B6044C176AE43E00611264 /* SVGKit */,
				C6B602E5176AD8EA00611264 /* AppDelegate.h */,
				C6B602E6176AD8EA00611264 /* AppDelegate.m */,
				C6B602EE176AD8EA00611264 /* ViewController.h */,
				C6B602EF176AD8EA00611264 /* ViewController.m */,
				C6B602F1176AD8EA00611264 /* ViewController_iPhone.xib */,
				C6B602F4176AD8EA00611264 /* ViewController_iPad.xib */,
				C6B6044A176AE18C00611264 /* SVGs */,
				C6B602DD176AD8EA00611264 /* Supporting Files */,
			);
			path = SVGTest;
			sourceTree = "<group>";
		};
		C6B602DD176AD8EA00611264 /* Supporting Files */ = {
			isa = PBXGroup;
			children = (
				C6B602DE176AD8EA00611264 /* SVGTest-Info.plist */,
				C6B602DF176AD8EA00611264 /* InfoPlist.strings */,
				C6B602E2176AD8EA00611264 /* main.m */,
				C6B602E4176AD8EA00611264 /* SVGTest-Prefix.pch */,
				C6B602E8176AD8EA00611264 /* Default.png */,
				C6B602EA176AD8EA00611264 /* Default@2x.png */,
				C6B602EC176AD8EA00611264 /* Default-568h@2x.png */,
			);
			name = "Supporting Files";
			sourceTree = "<group>";
		};
		C6B60303176AD8EA00611264 /* SVGTestTests */ = {
			isa = PBXGroup;
			children = (
				C6B60309176AD8EA00611264 /* SVGTestTests.h */,
				C6B6030A176AD8EA00611264 /* SVGTestTests.m */,
				C6B60304176AD8EA00611264 /* Supporting Files */,
			);
			path = SVGTestTests;
			sourceTree = "<group>";
		};
		C6B60304176AD8EA00611264 /* Supporting Files */ = {
			isa = PBXGroup;
			children = (
				C6B60305176AD8EA00611264 /* SVGTestTests-Info.plist */,
				C6B60306176AD8EA00611264 /* InfoPlist.strings */,
			);
			name = "Supporting Files";
			sourceTree = "<group>";
		};
		C6B6044C176AE43E00611264 /* SVGKit */ = {
			isa = PBXGroup;
			children = (
				C6B6044D176AE43E00611264 /* DOM classes */,
				C6B604E2176AE43E00611264 /* Exporters */,
				C6B604E5176AE43E00611264 /* Parsers */,
				C6B604FA176AE43E00611264 /* QuartzCore additions */,
				C6B60503176AE43E00611264 /* SVGKImage.h */,
				C6B60504176AE43E00611264 /* SVGKImage.m */,
				C6B60505176AE43E00611264 /* SVGKit.h */,
				C6B60506176AE43E00611264 /* SVGKSource.h */,
				C6B60507176AE43E00611264 /* SVGKSource.m */,
				C6B60508176AE43E00611264 /* UIKit additions */,
				C6B6050F176AE43E00611264 /* Unsorted */,
			);
			name = SVGKit;
			path = ../../SVGKit/Source;
			sourceTree = "<group>";
		};
		C6B6044D176AE43E00611264 /* DOM classes */ = {
			isa = PBXGroup;
			children = (
				C6B6044E176AE43E00611264 /* Core DOM */,
				C6B6048F176AE43E00611264 /* SVG-DOM */,
				C6B604B9176AE43E00611264 /* Unported or Partial DOM */,
			);
			path = "DOM classes";
			sourceTree = "<group>";
		};
		C6B6044E176AE43E00611264 /* Core DOM */ = {
			isa = PBXGroup;
			children = (
				C6B6044F176AE43E00611264 /* AppleSucksDOMImplementation.h */,
				C6B60450176AE43E00611264 /* AppleSucksDOMImplementation.m */,
				C6B60451176AE43E00611264 /* Attr.h */,
				C6B60452176AE43E00611264 /* Attr.m */,
				C6B60453176AE43E00611264 /* CDATASection.h */,
				C6B60454176AE43E00611264 /* CDATASection.m */,
				C6B60455176AE43E00611264 /* CharacterData.h */,
				C6B60456176AE43E00611264 /* CharacterData.m */,
				C6B60457176AE43E00611264 /* Comment.h */,
				C6B60458176AE43E00611264 /* Comment.m */,
				C6B60459176AE43E00611264 /* CSSPrimitiveValue.h */,
				C6B6045A176AE43E00611264 /* CSSPrimitiveValue.m */,
				C6B6045B176AE43E00611264 /* CSSPrimitiveValue_ConfigurablePixelsPerInch.h */,
				C6B6045C176AE43E00611264 /* CSSRule.h */,
				C6B6045D176AE43E00611264 /* CSSRule.m */,
				C6B6045E176AE43E00611264 /* CSSRuleList+Mutable.h */,
				C6B6045F176AE43E00611264 /* CSSRuleList.h */,
				C6B60460176AE43E00611264 /* CSSRuleList.m */,
				C6B60461176AE43E00611264 /* CSSStyleDeclaration.h */,
				C6B60462176AE43E00611264 /* CSSStyleDeclaration.m */,
				C6B60463176AE43E00611264 /* CSSStyleRule.h */,
				C6B60464176AE43E00611264 /* CSSStyleRule.m */,
				C6B60465176AE43E00611264 /* CSSStyleSheet.h */,
				C6B60466176AE43E00611264 /* CSSStyleSheet.m */,
				C6B60467176AE43E00611264 /* CSSValue.h */,
				C6B60468176AE43E00611264 /* CSSValue.m */,
				C6B60469176AE43E00611264 /* CSSValue_ForSubclasses.h */,
				C6B6046A176AE43E00611264 /* CSSValueList.h */,
				C6B6046B176AE43E00611264 /* CSSValueList.m */,
				C6B6046C176AE43E00611264 /* Document+Mutable.h */,
				C6B6046D176AE43E00611264 /* Document.h */,
				C6B6046E176AE43E00611264 /* Document.m */,
				C6B6046F176AE43E00611264 /* DocumentCSS.h */,
				C6B60470176AE43E00611264 /* DocumentFragment.h */,
				C6B60471176AE43E00611264 /* DocumentFragment.m */,
				C6B60472176AE43E00611264 /* DocumentStyle.h */,
				C6B60473176AE43E00611264 /* DocumentType.h */,
				C6B60474176AE43E00611264 /* DocumentType.m */,
				C6B60475176AE43E00611264 /* DOMGlobalSettings.h */,
				C6B60476176AE43E00611264 /* DOMHelperUtilities.h */,
				C6B60477176AE43E00611264 /* DOMHelperUtilities.m */,
				C6B60478176AE43E00611264 /* Element.h */,
				C6B60479176AE43E00611264 /* Element.m */,
				C6B6047A176AE43E00611264 /* EntityReference.h */,
				C6B6047B176AE43E00611264 /* EntityReference.m */,
				C6B6047C176AE43E00611264 /* MediaList.h */,
				C6B6047D176AE43E00611264 /* MediaList.m */,
				C6B6047E176AE43E00611264 /* NamedNodeMap.h */,
				C6B6047F176AE43E00611264 /* NamedNodeMap.m */,
				C6B60480176AE43E00611264 /* Node+Mutable.h */,
				C6B60481176AE43E00611264 /* Node.h */,
				C6B60482176AE43E00611264 /* Node.m */,
				C6B60483176AE43E00611264 /* NodeList+Mutable.h */,
				C6B60484176AE43E00611264 /* NodeList.h */,
				C6B60485176AE43E00611264 /* NodeList.m */,
				C6B60486176AE43E00611264 /* ProcessingInstruction.h */,
				C6B60487176AE43E00611264 /* ProcessingInstruction.m */,
				C6B60488176AE43E00611264 /* StyleSheet.h */,
				C6B60489176AE43E00611264 /* StyleSheet.m */,
				C6B6048A176AE43E00611264 /* StyleSheetList+Mutable.h */,
				C6B6048B176AE43E00611264 /* StyleSheetList.h */,
				C6B6048C176AE43E00611264 /* StyleSheetList.m */,
				C6B6048D176AE43E00611264 /* Text.h */,
				C6B6048E176AE43E00611264 /* Text.m */,
			);
			path = "Core DOM";
			sourceTree = "<group>";
		};
		C6B6048F176AE43E00611264 /* SVG-DOM */ = {
			isa = PBXGroup;
			children = (
				C6B60490176AE43E00611264 /* SVGAngle.h */,
				C6B60491176AE43E00611264 /* SVGAngle.m */,
				C6B60492176AE43E00611264 /* SVGDefsElement.h */,
				C6B60493176AE43E00611264 /* SVGDefsElement.m */,
				C6B60494176AE43E00611264 /* SVGDocument.h */,
				C6B60495176AE43E00611264 /* SVGDocument.m */,
				C6B60496176AE43E00611264 /* SVGDocument_Mutable.h */,
				C6B60497176AE43E00611264 /* SVGElementInstance.h */,
				C6B60498176AE43E00611264 /* SVGElementInstance.m */,
				C6B60499176AE43E00611264 /* SVGElementInstance_Mutable.h */,
				C6B6049A176AE43E00611264 /* SVGElementInstanceList.h */,
				C6B6049B176AE43E00611264 /* SVGElementInstanceList.m */,
				C6B6049C176AE43E00611264 /* SVGElementInstanceList_Internal.h */,
				C6B6049D176AE43E00611264 /* SVGFitToViewBox.h */,
				C6B6049E176AE43E00611264 /* SVGGElement.h */,
				C6B6049F176AE43E00611264 /* SVGGElement.m */,
				C6B604A0176AE43E00611264 /* SVGHelperUtilities.h */,
				C6B604A1176AE43E00611264 /* SVGHelperUtilities.m */,
				C6B604A2176AE43E00611264 /* SVGLength.h */,
				C6B604A3176AE43E00611264 /* SVGLength.m */,
				C6B604A4176AE43E00611264 /* SVGMatrix.h */,
				C6B604A5176AE43E00611264 /* SVGMatrix.m */,
				C6B604A6176AE43E00611264 /* SVGNumber.h */,
				C6B604A7176AE43E00611264 /* SVGPoint.h */,
				C6B604A8176AE43E00611264 /* SVGPoint.m */,
				C6B604A9176AE43E00611264 /* SVGRect.h */,
				C6B604AA176AE43E00611264 /* SVGRect.m */,
				C6B604AB176AE43E00611264 /* SVGStylable.h */,
				C6B604AC176AE43E00611264 /* SVGSVGElement_Mutable.h */,
				C6B604AD176AE43E00611264 /* SVGTextContentElement.h */,
				C6B604AE176AE43E00611264 /* SVGTextContentElement.m */,
				C6B604AF176AE43E00611264 /* SVGTextPositioningElement.h */,
				C6B604B0176AE43E00611264 /* SVGTextPositioningElement.m */,
				C6B604B1176AE43E00611264 /* SVGTextPositioningElement_Mutable.h */,
				C6B604B2176AE43E00611264 /* SVGTransform.h */,
				C6B604B3176AE43E00611264 /* SVGTransform.m */,
				C6B604B4176AE43E00611264 /* SVGTransformable.h */,
				C6B604B5176AE43E00611264 /* SVGUseElement.h */,
				C6B604B6176AE43E00611264 /* SVGUseElement.m */,
				C6B604B7176AE43E00611264 /* SVGUseElement_Mutable.h */,
				C6B604B8176AE43E00611264 /* SVGViewSpec.h */,
			);
			path = "SVG-DOM";
			sourceTree = "<group>";
		};
		C6B604B9176AE43E00611264 /* Unported or Partial DOM */ = {
			isa = PBXGroup;
			children = (
				C6B604BA176AE43E00611264 /* BaseClassForAllSVGBasicShapes.h */,
				C6B604BB176AE43E00611264 /* BaseClassForAllSVGBasicShapes.m */,
				C6B604BC176AE43E00611264 /* BaseClassForAllSVGBasicShapes_ForSubclasses.h */,
				C6B604BD176AE43E00611264 /* SVGCircleElement.h */,
				C6B604BE176AE43E00611264 /* SVGCircleElement.m */,
				C6B604BF176AE43E00611264 /* SVGDescriptionElement.h */,
				C6B604C0176AE43E00611264 /* SVGDescriptionElement.m */,
				C6B604C1176AE43E00611264 /* SVGElement.h */,
				C6B604C2176AE43E00611264 /* SVGElement.m */,
				C6B604C3176AE43E00611264 /* SVGElement_ForParser.h */,
				C6B604C4176AE43E00611264 /* SVGEllipseElement.h */,
				C6B604C5176AE43E00611264 /* SVGEllipseElement.m */,
				C6B604C6176AE43E00611264 /* SVGGradientElement.h */,
				C6B604C7176AE43E00611264 /* SVGGradientElement.m */,
				C6B604C8176AE43E00611264 /* SVGGradientStop.h */,
				C6B604C9176AE43E00611264 /* SVGGradientStop.m */,
				C6B604CA176AE43E00611264 /* SVGGroupElement.h */,
				C6B604CB176AE43E00611264 /* SVGGroupElement.m */,
				C6B604CC176AE43E00611264 /* SVGImageElement.h */,
				C6B604CD176AE43E00611264 /* SVGImageElement.m */,
				C6B604CE176AE43E00611264 /* SVGLayeredElement.h */,
				C6B604CF176AE43E00611264 /* SVGLineElement.h */,
				C6B604D0176AE43E00611264 /* SVGLineElement.m */,
				C6B604D1176AE43E00611264 /* SVGPathElement.h */,
				C6B604D2176AE43E00611264 /* SVGPathElement.m */,
				C6B604D3176AE43E00611264 /* SVGPolygonElement.h */,
				C6B604D4176AE43E00611264 /* SVGPolygonElement.m */,
				C6B604D5176AE43E00611264 /* SVGPolylineElement.h */,
				C6B604D6176AE43E00611264 /* SVGPolylineElement.m */,
				C6B604D7176AE43E00611264 /* SVGRectElement.h */,
				C6B604D8176AE43E00611264 /* SVGRectElement.m */,
				C6B604D9176AE43E00611264 /* SVGStyleCatcher.h */,
				C6B604DA176AE43E00611264 /* SVGStyleElement.h */,
				C6B604DB176AE43E00611264 /* SVGStyleElement.m */,
				C6B604DC176AE43E00611264 /* SVGSVGElement.h */,
				C6B604DD176AE43E00611264 /* SVGSVGElement.m */,
				C6B604DE176AE43E00611264 /* SVGTextElement.h */,
				C6B604DF176AE43E00611264 /* SVGTextElement.m */,
				C6B604E0176AE43E00611264 /* SVGTitleElement.h */,
				C6B604E1176AE43E00611264 /* SVGTitleElement.m */,
			);
			path = "Unported or Partial DOM";
			sourceTree = "<group>";
		};
		C6B604E2176AE43E00611264 /* Exporters */ = {
			isa = PBXGroup;
			children = (
				C6B604E3176AE43E00611264 /* CALayerExporter.h */,
				C6B604E4176AE43E00611264 /* CALayerExporter.m */,
			);
			path = Exporters;
			sourceTree = "<group>";
		};
		C6B604E5176AE43E00611264 /* Parsers */ = {
			isa = PBXGroup;
			children = (
				C6B604E6176AE43E00611264 /* Parser Extensions */,
				C6B604F3176AE43E00611264 /* SVGKParser.h */,
				C6B604F4176AE43E00611264 /* SVGKParser.m */,
				C6B604F5176AE43E00611264 /* SVGKParseResult.h */,
				C6B604F6176AE43E00611264 /* SVGKParseResult.m */,
				C6B604F7176AE43E00611264 /* SVGKParserExtension.h */,
				C6B604F8176AE43E00611264 /* SVGKPointsAndPathsParser.h */,
				C6B604F9176AE43E00611264 /* SVGKPointsAndPathsParser.m */,
			);
			path = Parsers;
			sourceTree = "<group>";
		};
		C6B604E6176AE43E00611264 /* Parser Extensions */ = {
			isa = PBXGroup;
			children = (
				C6B604E7176AE43E00611264 /* SVGKParserDefsAndUse.h */,
				C6B604E8176AE43E00611264 /* SVGKParserDefsAndUse.m */,
				C6B604E9176AE43E00611264 /* SVGKParserDOM.h */,
				C6B604EA176AE43E00611264 /* SVGKParserDOM.m */,
				C6B604EB176AE43E00611264 /* SVGKParserGradient.h */,
				C6B604EC176AE43E00611264 /* SVGKParserGradient.m */,
				C6B604ED176AE43E00611264 /* SVGKParserPatternsAndGradients.h */,
				C6B604EE176AE43E00611264 /* SVGKParserPatternsAndGradients.m */,
				C6B604EF176AE43E00611264 /* SVGKParserStyles.h */,
				C6B604F0176AE43E00611264 /* SVGKParserStyles.m */,
				C6B604F1176AE43E00611264 /* SVGKParserSVG.h */,
				C6B604F2176AE43E00611264 /* SVGKParserSVG.m */,
			);
			path = "Parser Extensions";
			sourceTree = "<group>";
		};
		C6B604FA176AE43E00611264 /* QuartzCore additions */ = {
			isa = PBXGroup;
			children = (
				C6B604FB176AE43E00611264 /* CALayerWithChildHitTest.h */,
				C6B604FC176AE43E00611264 /* CALayerWithChildHitTest.m */,
				C6B604FD176AE43E00611264 /* CAShapeLayerWithHitTest.h */,
				C6B604FE176AE43E00611264 /* CAShapeLayerWithHitTest.m */,
				C6B604FF176AE43E00611264 /* CGPathAdditions.h */,
				C6B60500176AE43E00611264 /* CGPathAdditions.m */,
				C6B60501176AE43E00611264 /* SVGKLayer.h */,
				C6B60502176AE43E00611264 /* SVGKLayer.m */,
			);
			path = "QuartzCore additions";
			sourceTree = "<group>";
		};
		C6B60508176AE43E00611264 /* UIKit additions */ = {
			isa = PBXGroup;
			children = (
				C6B60509176AE43E00611264 /* SVGKFastImageView.h */,
				C6B6050A176AE43E00611264 /* SVGKFastImageView.m */,
				C6B6050B176AE43E00611264 /* SVGKImageView.h */,
				C6B6050C176AE43E00611264 /* SVGKImageView.m */,
				C6B6050D176AE43E00611264 /* SVGKLayeredImageView.h */,
				C6B6050E176AE43E00611264 /* SVGKLayeredImageView.m */,
			);
			path = "UIKit additions";
			sourceTree = "<group>";
		};
		C6B6050F176AE43E00611264 /* Unsorted */ = {
			isa = PBXGroup;
			children = (
				C6B60510176AE43E00611264 /* SVGKImage+SVGPathView.h */,
				C6B60511176AE43E00611264 /* SVGKImage+SVGPathView.m */,
				C6B60512176AE43E00611264 /* SVGKPattern.h */,
				C6B60513176AE43E00611264 /* SVGKPattern.m */,
				C6B60514176AE43E00611264 /* SVGUtils.h */,
				C6B60515176AE43E00611264 /* SVGUtils.m */,
			);
			path = Unsorted;
			sourceTree = "<group>";
		};
/* End PBXGroup section */

/* Begin PBXNativeTarget section */
		C6B602D2176AD8EA00611264 /* SVGTest */ = {
			isa = PBXNativeTarget;
			buildConfigurationList = C6B6030E176AD8EA00611264 /* Build configuration list for PBXNativeTarget "SVGTest" */;
			buildPhases = (
				C6B602CF176AD8EA00611264 /* Sources */,
				C6B602D0176AD8EA00611264 /* Frameworks */,
				C6B602D1176AD8EA00611264 /* Resources */,
			);
			buildRules = (
			);
			dependencies = (
			);
			name = SVGTest;
			productName = SVGTest;
			productReference = C6B602D3176AD8EA00611264 /* SVGTest.app */;
			productType = "com.apple.product-type.application";
		};
		C6B602FB176AD8EA00611264 /* SVGTestTests */ = {
			isa = PBXNativeTarget;
			buildConfigurationList = C6B60311176AD8EA00611264 /* Build configuration list for PBXNativeTarget "SVGTestTests" */;
			buildPhases = (
				C6B602F7176AD8EA00611264 /* Sources */,
				C6B602F8176AD8EA00611264 /* Frameworks */,
				C6B602F9176AD8EA00611264 /* Resources */,
				C6B602FA176AD8EA00611264 /* ShellScript */,
			);
			buildRules = (
			);
			dependencies = (
				C6B60302176AD8EA00611264 /* PBXTargetDependency */,
			);
			name = SVGTestTests;
			productName = SVGTestTests;
			productReference = C6B602FC176AD8EA00611264 /* SVGTestTests.octest */;
			productType = "com.apple.product-type.bundle";
		};
/* End PBXNativeTarget section */

/* Begin PBXProject section */
		C6B602CB176AD8EA00611264 /* Project object */ = {
			isa = PBXProject;
			attributes = {
				LastUpgradeCheck = 0460;
				ORGANIZATIONNAME = Davincium;
			};
			buildConfigurationList = C6B602CE176AD8EA00611264 /* Build configuration list for PBXProject "SVGTest" */;
			compatibilityVersion = "Xcode 3.2";
			developmentRegion = English;
			hasScannedForEncodings = 0;
			knownRegions = (
				en,
			);
			mainGroup = C6B602CA176AD8EA00611264;
			productRefGroup = C6B602D4176AD8EA00611264 /* Products */;
			projectDirPath = "";
			projectRoot = "";
			targets = (
				C6B602D2176AD8EA00611264 /* SVGTest */,
				C6B602FB176AD8EA00611264 /* SVGTestTests */,
			);
		};
/* End PBXProject section */

/* Begin PBXResourcesBuildPhase section */
		C6B602D1176AD8EA00611264 /* Resources */ = {
			isa = PBXResourcesBuildPhase;
			buildActionMask = 2147483647;
			files = (
				C6B602E1176AD8EA00611264 /* InfoPlist.strings in Resources */,
				C6B602E9176AD8EA00611264 /* Default.png in Resources */,
				C6B602EB176AD8EA00611264 /* Default@2x.png in Resources */,
				C6B602ED176AD8EA00611264 /* Default-568h@2x.png in Resources */,
				C6B602F3176AD8EA00611264 /* ViewController_iPhone.xib in Resources */,
				C6B602F6176AD8EA00611264 /* ViewController_iPad.xib in Resources */,
				C6B6044B176AE18C00611264 /* SVGs in Resources */,
			);
			runOnlyForDeploymentPostprocessing = 0;
		};
		C6B602F9176AD8EA00611264 /* Resources */ = {
			isa = PBXResourcesBuildPhase;
			buildActionMask = 2147483647;
			files = (
				C6B60308176AD8EA00611264 /* InfoPlist.strings in Resources */,
			);
			runOnlyForDeploymentPostprocessing = 0;
		};
/* End PBXResourcesBuildPhase section */

/* Begin PBXShellScriptBuildPhase section */
		C6B602FA176AD8EA00611264 /* ShellScript */ = {
			isa = PBXShellScriptBuildPhase;
			buildActionMask = 2147483647;
			files = (
			);
			inputPaths = (
			);
			outputPaths = (
			);
			runOnlyForDeploymentPostprocessing = 0;
			shellPath = /bin/sh;
			shellScript = "# Run the unit tests in this test bundle.\n\"${SYSTEM_DEVELOPER_DIR}/Tools/RunUnitTests\"\n";
		};
/* End PBXShellScriptBuildPhase section */

/* Begin PBXSourcesBuildPhase section */
		C6B602CF176AD8EA00611264 /* Sources */ = {
			isa = PBXSourcesBuildPhase;
			buildActionMask = 2147483647;
			files = (
				C6B602E3176AD8EA00611264 /* main.m in Sources */,
				C6B602E7176AD8EA00611264 /* AppDelegate.m in Sources */,
				C6B602F0176AD8EA00611264 /* ViewController.m in Sources */,
				C6B60516176AE43E00611264 /* AppleSucksDOMImplementation.m in Sources */,
				C6B60517176AE43E00611264 /* Attr.m in Sources */,
				C6B60518176AE43E00611264 /* CDATASection.m in Sources */,
				C6B60519176AE43E00611264 /* CharacterData.m in Sources */,
				C6B6051A176AE43E00611264 /* Comment.m in Sources */,
				C6B6051B176AE43E00611264 /* CSSPrimitiveValue.m in Sources */,
				C6B6051C176AE43E00611264 /* CSSRule.m in Sources */,
				C6B6051D176AE43E00611264 /* CSSRuleList.m in Sources */,
				C6B6051E176AE43E00611264 /* CSSStyleDeclaration.m in Sources */,
				C6B6051F176AE43E00611264 /* CSSStyleRule.m in Sources */,
				C6B60520176AE43E00611264 /* CSSStyleSheet.m in Sources */,
				C6B60521176AE43E00611264 /* CSSValue.m in Sources */,
				C6B60522176AE43E00611264 /* CSSValueList.m in Sources */,
				C6B60523176AE43E00611264 /* Document.m in Sources */,
				C6B60524176AE43E00611264 /* DocumentFragment.m in Sources */,
				C6B60525176AE43E00611264 /* DocumentType.m in Sources */,
				C6B60526176AE43E00611264 /* DOMHelperUtilities.m in Sources */,
				C6B60527176AE43E00611264 /* Element.m in Sources */,
				C6B60528176AE43E00611264 /* EntityReference.m in Sources */,
				C6B60529176AE43E00611264 /* MediaList.m in Sources */,
				C6B6052A176AE43E00611264 /* NamedNodeMap.m in Sources */,
				C6B6052B176AE43E00611264 /* Node.m in Sources */,
				C6B6052C176AE43E00611264 /* NodeList.m in Sources */,
				C6B6052D176AE43E00611264 /* ProcessingInstruction.m in Sources */,
				C6B6052E176AE43E00611264 /* StyleSheet.m in Sources */,
				C6B6052F176AE43E00611264 /* StyleSheetList.m in Sources */,
				C6B60530176AE43E00611264 /* Text.m in Sources */,
				C6B60531176AE43E00611264 /* SVGAngle.m in Sources */,
				C6B60532176AE43E00611264 /* SVGDefsElement.m in Sources */,
				C6B60533176AE43E00611264 /* SVGDocument.m in Sources */,
				C6B60534176AE43E00611264 /* SVGElementInstance.m in Sources */,
				C6B60535176AE43E00611264 /* SVGElementInstanceList.m in Sources */,
				C6B60536176AE43E00611264 /* SVGGElement.m in Sources */,
				C6B60537176AE43E00611264 /* SVGHelperUtilities.m in Sources */,
				C6B60538176AE43E00611264 /* SVGLength.m in Sources */,
				C6B60539176AE43E00611264 /* SVGMatrix.m in Sources */,
				C6B6053A176AE43E00611264 /* SVGPoint.m in Sources */,
				C6B6053B176AE43E00611264 /* SVGRect.m in Sources */,
				C6B6053C176AE43E00611264 /* SVGTextContentElement.m in Sources */,
				C6B6053D176AE43E00611264 /* SVGTextPositioningElement.m in Sources */,
				C6B6053E176AE43E00611264 /* SVGTransform.m in Sources */,
				C6B6053F176AE43E00611264 /* SVGUseElement.m in Sources */,
				C6B60540176AE43E00611264 /* BaseClassForAllSVGBasicShapes.m in Sources */,
				C6B60541176AE43E00611264 /* SVGCircleElement.m in Sources */,
				C6B60542176AE43E00611264 /* SVGDescriptionElement.m in Sources */,
				C6B60543176AE43E00611264 /* SVGElement.m in Sources */,
				C6B60544176AE43E00611264 /* SVGEllipseElement.m in Sources */,
				C6B60545176AE43E00611264 /* SVGGradientElement.m in Sources */,
				C6B60546176AE43E00611264 /* SVGGradientStop.m in Sources */,
				C6B60547176AE43E00611264 /* SVGGroupElement.m in Sources */,
				C6B60548176AE43E00611264 /* SVGImageElement.m in Sources */,
				C6B60549176AE43E00611264 /* SVGLineElement.m in Sources */,
				C6B6054A176AE43E00611264 /* SVGPathElement.m in Sources */,
				C6B6054B176AE43E00611264 /* SVGPolygonElement.m in Sources */,
				C6B6054C176AE43E00611264 /* SVGPolylineElement.m in Sources */,
				C6B6054D176AE43E00611264 /* SVGRectElement.m in Sources */,
				C6B6054E176AE43E00611264 /* SVGStyleElement.m in Sources */,
				C6B6054F176AE43E00611264 /* SVGSVGElement.m in Sources */,
				C6B60550176AE43E00611264 /* SVGTextElement.m in Sources */,
				C6B60551176AE43E00611264 /* SVGTitleElement.m in Sources */,
				C6B60552176AE43E00611264 /* CALayerExporter.m in Sources */,
				C6B60553176AE43E00611264 /* SVGKParserDefsAndUse.m in Sources */,
				C6B60554176AE43E00611264 /* SVGKParserDOM.m in Sources */,
				C6B60555176AE43E00611264 /* SVGKParserGradient.m in Sources */,
				C6B60556176AE43E00611264 /* SVGKParserPatternsAndGradients.m in Sources */,
				C6B60557176AE43E00611264 /* SVGKParserStyles.m in Sources */,
				C6B60558176AE43E00611264 /* SVGKParserSVG.m in Sources */,
				C6B60559176AE43E00611264 /* SVGKParser.m in Sources */,
				C6B6055A176AE43E00611264 /* SVGKParseResult.m in Sources */,
				C6B6055B176AE43E00611264 /* SVGKPointsAndPathsParser.m in Sources */,
				C6B6055C176AE43E00611264 /* CALayerWithChildHitTest.m in Sources */,
				C6B6055D176AE43E00611264 /* CAShapeLayerWithHitTest.m in Sources */,
				C6B6055E176AE43E00611264 /* CGPathAdditions.m in Sources */,
				C6B6055F176AE43E00611264 /* SVGKLayer.m in Sources */,
				C6B60560176AE43E00611264 /* SVGKImage.m in Sources */,
				C6B60561176AE43E00611264 /* SVGKSource.m in Sources */,
				C6B60562176AE43E00611264 /* SVGKFastImageView.m in Sources */,
				C6B60563176AE43E00611264 /* SVGKImageView.m in Sources */,
				C6B60564176AE43E00611264 /* SVGKLayeredImageView.m in Sources */,
				C6B60565176AE43E00611264 /* SVGKImage+SVGPathView.m in Sources */,
				C6B60566176AE43E00611264 /* SVGKPattern.m in Sources */,
				C6B60567176AE43E00611264 /* SVGUtils.m in Sources */,
			);
			runOnlyForDeploymentPostprocessing = 0;
		};
		C6B602F7176AD8EA00611264 /* Sources */ = {
			isa = PBXSourcesBuildPhase;
			buildActionMask = 2147483647;
			files = (
				C6B6030B176AD8EA00611264 /* SVGTestTests.m in Sources */,
			);
			runOnlyForDeploymentPostprocessing = 0;
		};
/* End PBXSourcesBuildPhase section */

/* Begin PBXTargetDependency section */
		C6B60302176AD8EA00611264 /* PBXTargetDependency */ = {
			isa = PBXTargetDependency;
			target = C6B602D2176AD8EA00611264 /* SVGTest */;
			targetProxy = C6B60301176AD8EA00611264 /* PBXContainerItemProxy */;
		};
/* End PBXTargetDependency section */

/* Begin PBXVariantGroup section */
		C6B602DF176AD8EA00611264 /* InfoPlist.strings */ = {
			isa = PBXVariantGroup;
			children = (
				C6B602E0176AD8EA00611264 /* en */,
			);
			name = InfoPlist.strings;
			sourceTree = "<group>";
		};
		C6B602F1176AD8EA00611264 /* ViewController_iPhone.xib */ = {
			isa = PBXVariantGroup;
			children = (
				C6B602F2176AD8EA00611264 /* en */,
			);
			name = ViewController_iPhone.xib;
			sourceTree = "<group>";
		};
		C6B602F4176AD8EA00611264 /* ViewController_iPad.xib */ = {
			isa = PBXVariantGroup;
			children = (
				C6B602F5176AD8EA00611264 /* en */,
			);
			name = ViewController_iPad.xib;
			sourceTree = "<group>";
		};
		C6B60306176AD8EA00611264 /* InfoPlist.strings */ = {
			isa = PBXVariantGroup;
			children = (
				C6B60307176AD8EA00611264 /* en */,
			);
			name = InfoPlist.strings;
			sourceTree = "<group>";
		};
/* End PBXVariantGroup section */

/* Begin XCBuildConfiguration section */
		C6B6030C176AD8EA00611264 /* Debug */ = {
			isa = XCBuildConfiguration;
			buildSettings = {
				ALWAYS_SEARCH_USER_PATHS = NO;
				CLANG_CXX_LANGUAGE_STANDARD = "gnu++0x";
				CLANG_CXX_LIBRARY = "libc++";
				CLANG_WARN_CONSTANT_CONVERSION = YES;
				CLANG_WARN_EMPTY_BODY = YES;
				CLANG_WARN_ENUM_CONVERSION = YES;
				CLANG_WARN_INT_CONVERSION = YES;
				CLANG_WARN__DUPLICATE_METHOD_MATCH = YES;
				"CODE_SIGN_IDENTITY[sdk=iphoneos*]" = "iPhone Developer";
				COPY_PHASE_STRIP = NO;
				GCC_C_LANGUAGE_STANDARD = gnu99;
				GCC_DYNAMIC_NO_PIC = NO;
				GCC_OPTIMIZATION_LEVEL = 0;
				GCC_PREPROCESSOR_DEFINITIONS = (
					"DEBUG=1",
					"$(inherited)",
				);
				GCC_SYMBOLS_PRIVATE_EXTERN = NO;
				GCC_WARN_ABOUT_RETURN_TYPE = YES;
				GCC_WARN_UNINITIALIZED_AUTOS = YES;
				GCC_WARN_UNUSED_VARIABLE = YES;
				HEADER_SEARCH_PATHS = /usr/include/libxml2;
				IPHONEOS_DEPLOYMENT_TARGET = 6.1;
				ONLY_ACTIVE_ARCH = YES;
				SDKROOT = iphoneos;
				TARGETED_DEVICE_FAMILY = "1,2";
				USER_HEADER_SEARCH_PATHS = "";
			};
			name = Debug;
		};
		C6B6030D176AD8EA00611264 /* Release */ = {
			isa = XCBuildConfiguration;
			buildSettings = {
				ALWAYS_SEARCH_USER_PATHS = NO;
				CLANG_CXX_LANGUAGE_STANDARD = "gnu++0x";
				CLANG_CXX_LIBRARY = "libc++";
				CLANG_WARN_CONSTANT_CONVERSION = YES;
				CLANG_WARN_EMPTY_BODY = YES;
				CLANG_WARN_ENUM_CONVERSION = YES;
				CLANG_WARN_INT_CONVERSION = YES;
				CLANG_WARN__DUPLICATE_METHOD_MATCH = YES;
				"CODE_SIGN_IDENTITY[sdk=iphoneos*]" = "iPhone Developer";
				COPY_PHASE_STRIP = YES;
				GCC_C_LANGUAGE_STANDARD = gnu99;
				GCC_WARN_ABOUT_RETURN_TYPE = YES;
				GCC_WARN_UNINITIALIZED_AUTOS = YES;
				GCC_WARN_UNUSED_VARIABLE = YES;
				HEADER_SEARCH_PATHS = /usr/include/libxml2;
				IPHONEOS_DEPLOYMENT_TARGET = 6.1;
				OTHER_CFLAGS = "-DNS_BLOCK_ASSERTIONS=1";
				SDKROOT = iphoneos;
				TARGETED_DEVICE_FAMILY = "1,2";
				USER_HEADER_SEARCH_PATHS = "";
				VALIDATE_PRODUCT = YES;
			};
			name = Release;
		};
		C6B6030F176AD8EA00611264 /* Debug */ = {
			isa = XCBuildConfiguration;
			buildSettings = {
				GCC_PRECOMPILE_PREFIX_HEADER = YES;
				GCC_PREFIX_HEADER = "SVGTest/SVGTest-Prefix.pch";
				INFOPLIST_FILE = "SVGTest/SVGTest-Info.plist";
				IPHONEOS_DEPLOYMENT_TARGET = 5.0;
				PRODUCT_NAME = "$(TARGET_NAME)";
				USER_HEADER_SEARCH_PATHS = "";
				WRAPPER_EXTENSION = app;
			};
			name = Debug;
		};
		C6B60310176AD8EA00611264 /* Release */ = {
			isa = XCBuildConfiguration;
			buildSettings = {
				GCC_PRECOMPILE_PREFIX_HEADER = YES;
				GCC_PREFIX_HEADER = "SVGTest/SVGTest-Prefix.pch";
				INFOPLIST_FILE = "SVGTest/SVGTest-Info.plist";
				IPHONEOS_DEPLOYMENT_TARGET = 5.0;
				PRODUCT_NAME = "$(TARGET_NAME)";
				USER_HEADER_SEARCH_PATHS = "";
				WRAPPER_EXTENSION = app;
			};
			name = Release;
		};
		C6B60312176AD8EA00611264 /* Debug */ = {
			isa = XCBuildConfiguration;
			buildSettings = {
				BUNDLE_LOADER = "$(BUILT_PRODUCTS_DIR)/SVGTest.app/SVGTest";
				FRAMEWORK_SEARCH_PATHS = (
					"\"$(SDKROOT)/Developer/Library/Frameworks\"",
					"\"$(DEVELOPER_LIBRARY_DIR)/Frameworks\"",
				);
				GCC_PRECOMPILE_PREFIX_HEADER = YES;
				GCC_PREFIX_HEADER = "SVGTest/SVGTest-Prefix.pch";
				INFOPLIST_FILE = "SVGTestTests/SVGTestTests-Info.plist";
				PRODUCT_NAME = "$(TARGET_NAME)";
				TEST_HOST = "$(BUNDLE_LOADER)";
				WRAPPER_EXTENSION = octest;
			};
			name = Debug;
		};
		C6B60313176AD8EA00611264 /* Release */ = {
			isa = XCBuildConfiguration;
			buildSettings = {
				BUNDLE_LOADER = "$(BUILT_PRODUCTS_DIR)/SVGTest.app/SVGTest";
				FRAMEWORK_SEARCH_PATHS = (
					"\"$(SDKROOT)/Developer/Library/Frameworks\"",
					"\"$(DEVELOPER_LIBRARY_DIR)/Frameworks\"",
				);
				GCC_PRECOMPILE_PREFIX_HEADER = YES;
				GCC_PREFIX_HEADER = "SVGTest/SVGTest-Prefix.pch";
				INFOPLIST_FILE = "SVGTestTests/SVGTestTests-Info.plist";
				PRODUCT_NAME = "$(TARGET_NAME)";
				TEST_HOST = "$(BUNDLE_LOADER)";
				WRAPPER_EXTENSION = octest;
			};
			name = Release;
		};
/* End XCBuildConfiguration section */

/* Begin XCConfigurationList section */
		C6B602CE176AD8EA00611264 /* Build configuration list for PBXProject "SVGTest" */ = {
			isa = XCConfigurationList;
			buildConfigurations = (
				C6B6030C176AD8EA00611264 /* Debug */,
				C6B6030D176AD8EA00611264 /* Release */,
			);
			defaultConfigurationIsVisible = 0;
			defaultConfigurationName = Release;
		};
		C6B6030E176AD8EA00611264 /* Build configuration list for PBXNativeTarget "SVGTest" */ = {
			isa = XCConfigurationList;
			buildConfigurations = (
				C6B6030F176AD8EA00611264 /* Debug */,
				C6B60310176AD8EA00611264 /* Release */,
			);
			defaultConfigurationIsVisible = 0;
		};
		C6B60311176AD8EA00611264 /* Build configuration list for PBXNativeTarget "SVGTestTests" */ = {
			isa = XCConfigurationList;
			buildConfigurations = (
				C6B60312176AD8EA00611264 /* Debug */,
				C6B60313176AD8EA00611264 /* Release */,
			);
			defaultConfigurationIsVisible = 0;
		};
/* End XCConfigurationList section */
	};
	rootObject = C6B602CB176AD8EA00611264 /* Project object */;
}
